// !$*UTF8*$!
{
	archiveVersion = 1;
	classes = {
	};
	objectVersion = 46;
	objects = {

/* Begin PBXBuildFile section */
		5CECA9A81BF57DF4002F8FEF /* AppDelegate.swift in Sources */ = {isa = PBXBuildFile; fileRef = 5CECA9A71BF57DF4002F8FEF /* AppDelegate.swift */; };
		5CECA9AA1BF57DF4002F8FEF /* ViewController.swift in Sources */ = {isa = PBXBuildFile; fileRef = 5CECA9A91BF57DF4002F8FEF /* ViewController.swift */; };
		5CECA9AD1BF57DF4002F8FEF /* Main.storyboard in Resources */ = {isa = PBXBuildFile; fileRef = 5CECA9AB1BF57DF4002F8FEF /* Main.storyboard */; };
		5CECA9AF1BF57DF4002F8FEF /* Assets.xcassets in Resources */ = {isa = PBXBuildFile; fileRef = 5CECA9AE1BF57DF4002F8FEF /* Assets.xcassets */; };
		5CECA9B21BF57DF4002F8FEF /* LaunchScreen.storyboard in Resources */ = {isa = PBXBuildFile; fileRef = 5CECA9B01BF57DF4002F8FEF /* LaunchScreen.storyboard */; };
		5CECA9BD1BF57DF4002F8FEF /* iOS9___StackViewTests.swift in Sources */ = {isa = PBXBuildFile; fileRef = 5CECA9BC1BF57DF4002F8FEF /* iOS9___StackViewTests.swift */; };
		5CECA9C81BF57DF4002F8FEF /* iOS9___StackViewUITests.swift in Sources */ = {isa = PBXBuildFile; fileRef = 5CECA9C71BF57DF4002F8FEF /* iOS9___StackViewUITests.swift */; };
/* End PBXBuildFile section */

/* Begin PBXContainerItemProxy section */
		5CECA9B91BF57DF4002F8FEF /* PBXContainerItemProxy */ = {
			isa = PBXContainerItemProxy;
			containerPortal = 5CECA99C1BF57DF4002F8FEF /* Project object */;
			proxyType = 1;
			remoteGlobalIDString = 5CECA9A31BF57DF4002F8FEF;
			remoteInfo = "iOS9---StackView";
		};
		5CECA9C41BF57DF4002F8FEF /* PBXContainerItemProxy */ = {
			isa = PBXContainerItemProxy;
			containerPortal = 5CECA99C1BF57DF4002F8FEF /* Project object */;
			proxyType = 1;
			remoteGlobalIDString = 5CECA9A31BF57DF4002F8FEF;
			remoteInfo = "iOS9---StackView";
		};
/* End PBXContainerItemProxy section */

/* Begin PBXFileReference section */
		5CECA9A41BF57DF4002F8FEF /* iOS9---StackView.app */ = {isa = PBXFileReference; explicitFileType = wrapper.application; includeInIndex = 0; path = "iOS9---StackView.app"; sourceTree = BUILT_PRODUCTS_DIR; };
		5CECA9A71BF57DF4002F8FEF /* AppDelegate.swift */ = {isa = PBXFileReference; lastKnownFileType = sourcecode.swift; path = AppDelegate.swift; sourceTree = "<group>"; };
		5CECA9A91BF57DF4002F8FEF /* ViewController.swift */ = {isa = PBXFileReference; lastKnownFileType = sourcecode.swift; path = ViewController.swift; sourceTree = "<group>"; };
		5CECA9AC1BF57DF4002F8FEF /* Base */ = {isa = PBXFileReference; lastKnownFileType = file.storyboard; name = Base; path = Base.lproj/Main.storyboard; sourceTree = "<group>"; };
		5CECA9AE1BF57DF4002F8FEF /* Assets.xcassets */ = {isa = PBXFileReference; lastKnownFileType = folder.assetcatalog; path = Assets.xcassets; sourceTree = "<group>"; };
		5CECA9B11BF57DF4002F8FEF /* Base */ = {isa = PBXFileReference; lastKnownFileType = file.storyboard; name = Base; path = Base.lproj/LaunchScreen.storyboard; sourceTree = "<group>"; };
		5CECA9B31BF57DF4002F8FEF /* Info.plist */ = {isa = PBXFileReference; lastKnownFileType = text.plist.xml; path = Info.plist; sourceTree = "<group>"; };
		5CECA9B81BF57DF4002F8FEF /* iOS9---StackViewTests.xctest */ = {isa = PBXFileReference; explicitFileType = wrapper.cfbundle; includeInIndex = 0; path = "iOS9---StackViewTests.xctest"; sourceTree = BUILT_PRODUCTS_DIR; };
		5CECA9BC1BF57DF4002F8FEF /* iOS9___StackViewTests.swift */ = {isa = PBXFileReference; lastKnownFileType = sourcecode.swift; path = "iOS9___StackViewTests.swift"; sourceTree = "<group>"; };
		5CECA9BE1BF57DF4002F8FEF /* Info.plist */ = {isa = PBXFileReference; lastKnownFileType = text.plist.xml; path = Info.plist; sourceTree = "<group>"; };
		5CECA9C31BF57DF4002F8FEF /* iOS9---StackViewUITests.xctest */ = {isa = PBXFileReference; explicitFileType = wrapper.cfbundle; includeInIndex = 0; path = "iOS9---StackViewUITests.xctest"; sourceTree = BUILT_PRODUCTS_DIR; };
		5CECA9C71BF57DF4002F8FEF /* iOS9___StackViewUITests.swift */ = {isa = PBXFileReference; lastKnownFileType = sourcecode.swift; path = "iOS9___StackViewUITests.swift"; sourceTree = "<group>"; };
		5CECA9C91BF57DF4002F8FEF /* Info.plist */ = {isa = PBXFileReference; lastKnownFileType = text.plist.xml; path = Info.plist; sourceTree = "<group>"; };
/* End PBXFileReference section */

/* Begin PBXFrameworksBuildPhase section */
		5CECA9A11BF57DF4002F8FEF /* Frameworks */ = {
			isa = PBXFrameworksBuildPhase;
			buildActionMask = 2147483647;
			files = (
			);
			runOnlyForDeploymentPostprocessing = 0;
		};
		5CECA9B51BF57DF4002F8FEF /* Frameworks */ = {
			isa = PBXFrameworksBuildPhase;
			buildActionMask = 2147483647;
			files = (
			);
			runOnlyForDeploymentPostprocessing = 0;
		};
		5CECA9C01BF57DF4002F8FEF /* Frameworks */ = {
			isa = PBXFrameworksBuildPhase;
			buildActionMask = 2147483647;
			files = (
			);
			runOnlyForDeploymentPostprocessing = 0;
		};
/* End PBXFrameworksBuildPhase section */

/* Begin PBXGroup section */
		5CECA99B1BF57DF4002F8FEF = {
			isa = PBXGroup;
			children = (
				5CECA9A61BF57DF4002F8FEF /* iOS9---StackView */,
				5CECA9BB1BF57DF4002F8FEF /* iOS9---StackViewTests */,
				5CECA9C61BF57DF4002F8FEF /* iOS9---StackViewUITests */,
				5CECA9A51BF57DF4002F8FEF /* Products */,
			);
			sourceTree = "<group>";
		};
		5CECA9A51BF57DF4002F8FEF /* Products */ = {
			isa = PBXGroup;
			children = (
				5CECA9A41BF57DF4002F8FEF /* iOS9---StackView.app */,
				5CECA9B81BF57DF4002F8FEF /* iOS9---StackViewTests.xctest */,
				5CECA9C31BF57DF4002F8FEF /* iOS9---StackViewUITests.xctest */,
			);
			name = Products;
			sourceTree = "<group>";
		};
		5CECA9A61BF57DF4002F8FEF /* iOS9---StackView */ = {
			isa = PBXGroup;
			children = (
				5CECA9A71BF57DF4002F8FEF /* AppDelegate.swift */,
				5CECA9A91BF57DF4002F8FEF /* ViewController.swift */,
				5CECA9AB1BF57DF4002F8FEF /* Main.storyboard */,
				5CECA9AE1BF57DF4002F8FEF /* Assets.xcassets */,
				5CECA9B01BF57DF4002F8FEF /* LaunchScreen.storyboard */,
				5CECA9B31BF57DF4002F8FEF /* Info.plist */,
			);
			path = "iOS9---StackView";
			sourceTree = "<group>";
		};
		5CECA9BB1BF57DF4002F8FEF /* iOS9---StackViewTests */ = {
			isa = PBXGroup;
			children = (
				5CECA9BC1BF57DF4002F8FEF /* iOS9___StackViewTests.swift */,
				5CECA9BE1BF57DF4002F8FEF /* Info.plist */,
			);
			path = "iOS9---StackViewTests";
			sourceTree = "<group>";
		};
		5CECA9C61BF57DF4002F8FEF /* iOS9---StackViewUITests */ = {
			isa = PBXGroup;
			children = (
				5CECA9C71BF57DF4002F8FEF /* iOS9___StackViewUITests.swift */,
				5CECA9C91BF57DF4002F8FEF /* Info.plist */,
			);
			path = "iOS9---StackViewUITests";
			sourceTree = "<group>";
		};
/* End PBXGroup section */

/* Begin PBXNativeTarget section */
		5CECA9A31BF57DF4002F8FEF /* iOS9---StackView */ = {
			isa = PBXNativeTarget;
			buildConfigurationList = 5CECA9CC1BF57DF4002F8FEF /* Build configuration list for PBXNativeTarget "iOS9---StackView" */;
			buildPhases = (
				5CECA9A01BF57DF4002F8FEF /* Sources */,
				5CECA9A11BF57DF4002F8FEF /* Frameworks */,
				5CECA9A21BF57DF4002F8FEF /* Resources */,
			);
			buildRules = (
			);
			dependencies = (
			);
			name = "iOS9---StackView";
			productName = "iOS9---StackView";
			productReference = 5CECA9A41BF57DF4002F8FEF /* iOS9---StackView.app */;
			productType = "com.apple.product-type.application";
		};
		5CECA9B71BF57DF4002F8FEF /* iOS9---StackViewTests */ = {
			isa = PBXNativeTarget;
			buildConfigurationList = 5CECA9CF1BF57DF4002F8FEF /* Build configuration list for PBXNativeTarget "iOS9---StackViewTests" */;
			buildPhases = (
				5CECA9B41BF57DF4002F8FEF /* Sources */,
				5CECA9B51BF57DF4002F8FEF /* Frameworks */,
				5CECA9B61BF57DF4002F8FEF /* Resources */,
			);
			buildRules = (
			);
			dependencies = (
				5CECA9BA1BF57DF4002F8FEF /* PBXTargetDependency */,
			);
			name = "iOS9---StackViewTests";
			productName = "iOS9---StackViewTests";
			productReference = 5CECA9B81BF57DF4002F8FEF /* iOS9---StackViewTests.xctest */;
			productType = "com.apple.product-type.bundle.unit-test";
		};
		5CECA9C21BF57DF4002F8FEF /* iOS9---StackViewUITests */ = {
			isa = PBXNativeTarget;
			buildConfigurationList = 5CECA9D21BF57DF4002F8FEF /* Build configuration list for PBXNativeTarget "iOS9---StackViewUITests" */;
			buildPhases = (
				5CECA9BF1BF57DF4002F8FEF /* Sources */,
				5CECA9C01BF57DF4002F8FEF /* Frameworks */,
				5CECA9C11BF57DF4002F8FEF /* Resources */,
			);
			buildRules = (
			);
			dependencies = (
				5CECA9C51BF57DF4002F8FEF /* PBXTargetDependency */,
			);
			name = "iOS9---StackViewUITests";
			productName = "iOS9---StackViewUITests";
			productReference = 5CECA9C31BF57DF4002F8FEF /* iOS9---StackViewUITests.xctest */;
			productType = "com.apple.product-type.bundle.ui-testing";
		};
/* End PBXNativeTarget section */

/* Begin PBXProject section */
		5CECA99C1BF57DF4002F8FEF /* Project object */ = {
			isa = PBXProject;
			attributes = {
				LastSwiftUpdateCheck = 0710;
				LastUpgradeCheck = 0710;
				ORGANIZATIONNAME = HHW;
				TargetAttributes = {
					5CECA9A31BF57DF4002F8FEF = {
						CreatedOnToolsVersion = 7.1;
					};
					5CECA9B71BF57DF4002F8FEF = {
						CreatedOnToolsVersion = 7.1;
						TestTargetID = 5CECA9A31BF57DF4002F8FEF;
					};
					5CECA9C21BF57DF4002F8FEF = {
						CreatedOnToolsVersion = 7.1;
						TestTargetID = 5CECA9A31BF57DF4002F8FEF;
					};
				};
			};
			buildConfigurationList = 5CECA99F1BF57DF4002F8FEF /* Build configuration list for PBXProject "iOS9---StackView" */;
			compatibilityVersion = "Xcode 3.2";
			developmentRegion = English;
			hasScannedForEncodings = 0;
			knownRegions = (
				en,
				Base,
			);
			mainGroup = 5CECA99B1BF57DF4002F8FEF;
			productRefGroup = 5CECA9A51BF57DF4002F8FEF /* Products */;
			projectDirPath = "";
			projectRoot = "";
			targets = (
				5CECA9A31BF57DF4002F8FEF /* iOS9---StackView */,
				5CECA9B71BF57DF4002F8FEF /* iOS9---StackViewTests */,
				5CECA9C21BF57DF4002F8FEF /* iOS9---StackViewUITests */,
			);
		};
/* End PBXProject section */

/* Begin PBXResourcesBuildPhase section */
		5CECA9A21BF57DF4002F8FEF /* Resources */ = {
			isa = PBXResourcesBuildPhase;
			buildActionMask = 2147483647;
			files = (
				5CECA9B21BF57DF4002F8FEF /* LaunchScreen.storyboard in Resources */,
				5CECA9AF1BF57DF4002F8FEF /* Assets.xcassets in Resources */,
				5CECA9AD1BF57DF4002F8FEF /* Main.storyboard in Resources */,
			);
			runOnlyForDeploymentPostprocessing = 0;
		};
		5CECA9B61BF57DF4002F8FEF /* Resources */ = {
			isa = PBXResourcesBuildPhase;
			buildActionMask = 2147483647;
			files = (
			);
			runOnlyForDeploymentPostprocessing = 0;
		};
		5CECA9C11BF57DF4002F8FEF /* Resources */ = {
			isa = PBXResourcesBuildPhase;
			buildActionMask = 2147483647;
			files = (
			);
			runOnlyForDeploymentPostprocessing = 0;
		};
/* End PBXResourcesBuildPhase section */

/* Begin PBXSourcesBuildPhase section */
		5CECA9A01BF57DF4002F8FEF /* Sources */ = {
			isa = PBXSourcesBuildPhase;
			buildActionMask = 2147483647;
			files = (
				5CECA9AA1BF57DF4002F8FEF /* ViewController.swift in Sources */,
				5CECA9A81BF57DF4002F8FEF /* AppDelegate.swift in Sources */,
			);
			runOnlyForDeploymentPostprocessing = 0;
		};
		5CECA9B41BF57DF4002F8FEF /* Sources */ = {
			isa = PBXSourcesBuildPhase;
			buildActionMask = 2147483647;
			files = (
				5CECA9BD1BF57DF4002F8FEF /* iOS9___StackViewTests.swift in Sources */,
			);
			runOnlyForDeploymentPostprocessing = 0;
		};
		5CECA9BF1BF57DF4002F8FEF /* Sources */ = {
			isa = PBXSourcesBuildPhase;
			buildActionMask = 2147483647;
			files = (
				5CECA9C81BF57DF4002F8FEF /* iOS9___StackViewUITests.swift in Sources */,
			);
			runOnlyForDeploymentPostprocessing = 0;
		};
/* End PBXSourcesBuildPhase section */

/* Begin PBXTargetDependency section */
		5CECA9BA1BF57DF4002F8FEF /* PBXTargetDependency */ = {
			isa = PBXTargetDependency;
			target = 5CECA9A31BF57DF4002F8FEF /* iOS9---StackView */;
			targetProxy = 5CECA9B91BF57DF4002F8FEF /* PBXContainerItemProxy */;
		};
		5CECA9C51BF57DF4002F8FEF /* PBXTargetDependency */ = {
			isa = PBXTargetDependency;
			target = 5CECA9A31BF57DF4002F8FEF /* iOS9---StackView */;
			targetProxy = 5CECA9C41BF57DF4002F8FEF /* PBXContainerItemProxy */;
		};
/* End PBXTargetDependency section */

/* Begin PBXVariantGroup section */
		5CECA9AB1BF57DF4002F8FEF /* Main.storyboard */ = {
			isa = PBXVariantGroup;
			children = (
				5CECA9AC1BF57DF4002F8FEF /* Base */,
			);
			name = Main.storyboard;
			sourceTree = "<group>";
		};
		5CECA9B01BF57DF4002F8FEF /* LaunchScreen.storyboard */ = {
			isa = PBXVariantGroup;
			children = (
				5CECA9B11BF57DF4002F8FEF /* Base */,
			);
			name = LaunchScreen.storyboard;
			sourceTree = "<group>";
		};
/* End PBXVariantGroup section */

/* Begin XCBuildConfiguration section */
		5CECA9CA1BF57DF4002F8FEF /* Debug */ = {
			isa = XCBuildConfiguration;
			buildSettings = {
				ALWAYS_SEARCH_USER_PATHS = NO;
				CLANG_CXX_LANGUAGE_STANDARD = "gnu++0x";
				CLANG_CXX_LIBRARY = "libc++";
				CLANG_ENABLE_MODULES = YES;
				CLANG_ENABLE_OBJC_ARC = YES;
				CLANG_WARN_BOOL_CONVERSION = YES;
				CLANG_WARN_CONSTANT_CONVERSION = YES;
				CLANG_WARN_DIRECT_OBJC_ISA_USAGE = YES_ERROR;
				CLANG_WARN_EMPTY_BODY = YES;
				CLANG_WARN_ENUM_CONVERSION = YES;
				CLANG_WARN_INT_CONVERSION = YES;
				CLANG_WARN_OBJC_ROOT_CLASS = YES_ERROR;
				CLANG_WARN_UNREACHABLE_CODE = YES;
				CLANG_WARN__DUPLICATE_METHOD_MATCH = YES;
				"CODE_SIGN_IDENTITY[sdk=iphoneos*]" = "iPhone Developer";
				COPY_PHASE_STRIP = NO;
				DEBUG_INFORMATION_FORMAT = dwarf;
				ENABLE_STRICT_OBJC_MSGSEND = YES;
				ENABLE_TESTABILITY = YES;
				GCC_C_LANGUAGE_STANDARD = gnu99;
				GCC_DYNAMIC_NO_PIC = NO;
				GCC_NO_COMMON_BLOCKS = YES;
				GCC_OPTIMIZATION_LEVEL = 0;
				GCC_PREPROCESSOR_DEFINITIONS = (
					"DEBUG=1",
					"$(inherited)",
				);
				GCC_WARN_64_TO_32_BIT_CONVERSION = YES;
				GCC_WARN_ABOUT_RETURN_TYPE = YES_ERROR;
				GCC_WARN_UNDECLARED_SELECTOR = YES;
				GCC_WARN_UNINITIALIZED_AUTOS = YES_AGGRESSIVE;
				GCC_WARN_UNUSED_FUNCTION = YES;
				GCC_WARN_UNUSED_VARIABLE = YES;
				IPHONEOS_DEPLOYMENT_TARGET = 9.1;
				MTL_ENABLE_DEBUG_INFO = YES;
				ONLY_ACTIVE_ARCH = YES;
				SDKROOT = iphoneos;
				SWIFT_OPTIMIZATION_LEVEL = "-Onone";
				TARGETED_DEVICE_FAMILY = "1,2";
			};
			name = Debug;
		};
		5CECA9CB1BF57DF4002F8FEF /* Release */ = {
			isa = XCBuildConfiguration;
			buildSettings = {
				ALWAYS_SEARCH_USER_PATHS = NO;
				CLANG_CXX_LANGUAGE_STANDARD = "gnu++0x";
				CLANG_CXX_LIBRARY = "libc++";
				CLANG_ENABLE_MODULES = YES;
				CLANG_ENABLE_OBJC_ARC = YES;
				CLANG_WARN_BOOL_CONVERSION = YES;
				CLANG_WARN_CONSTANT_CONVERSION = YES;
				CLANG_WARN_DIRECT_OBJC_ISA_USAGE = YES_ERROR;
				CLANG_WARN_EMPTY_BODY = YES;
				CLANG_WARN_ENUM_CONVERSION = YES;
				CLANG_WARN_INT_CONVERSION = YES;
				CLANG_WARN_OBJC_ROOT_CLASS = YES_ERROR;
				CLANG_WARN_UNREACHABLE_CODE = YES;
				CLANG_WARN__DUPLICATE_METHOD_MATCH = YES;
				"CODE_SIGN_IDENTITY[sdk=iphoneos*]" = "iPhone Developer";
				COPY_PHASE_STRIP = NO;
				DEBUG_INFORMATION_FORMAT = "dwarf-with-dsym";
				ENABLE_NS_ASSERTIONS = NO;
				ENABLE_STRICT_OBJC_MSGSEND = YES;
				GCC_C_LANGUAGE_STANDARD = gnu99;
				GCC_NO_COMMON_BLOCKS = YES;
				GCC_WARN_64_TO_32_BIT_CONVERSION = YES;
				GCC_WARN_ABOUT_RETURN_TYPE = YES_ERROR;
				GCC_WARN_UNDECLARED_SELECTOR = YES;
				GCC_WARN_UNINITIALIZED_AUTOS = YES_AGGRESSIVE;
				GCC_WARN_UNUSED_FUNCTION = YES;
				GCC_WARN_UNUSED_VARIABLE = YES;
				IPHONEOS_DEPLOYMENT_TARGET = 9.1;
				MTL_ENABLE_DEBUG_INFO = NO;
				SDKROOT = iphoneos;
				TARGETED_DEVICE_FAMILY = "1,2";
				VALIDATE_PRODUCT = YES;
			};
			name = Release;
		};
		5CECA9CD1BF57DF4002F8FEF /* Debug */ = {
			isa = XCBuildConfiguration;
			buildSettings = {
				ASSETCATALOG_COMPILER_APPICON_NAME = AppIcon;
				INFOPLIST_FILE = "iOS9---StackView/Info.plist";
				LD_RUNPATH_SEARCH_PATHS = "$(inherited) @executable_path/Frameworks";
				PRODUCT_BUNDLE_IDENTIFIER = "com.51testing.iOS9---StackView";
				PRODUCT_NAME = "$(TARGET_NAME)";
			};
			name = Debug;
		};
		5CECA9CE1BF57DF4002F8FEF /* Release */ = {
			isa = XCBuildConfiguration;
			buildSettings = {
				ASSETCATALOG_COMPILER_APPICON_NAME = AppIcon;
				INFOPLIST_FILE = "iOS9---StackView/Info.plist";
				LD_RUNPATH_SEARCH_PATHS = "$(inherited) @executable_path/Frameworks";
				PRODUCT_BUNDLE_IDENTIFIER = "com.51testing.iOS9---StackView";
				PRODUCT_NAME = "$(TARGET_NAME)";
			};
			name = Release;
		};
		5CECA9D01BF57DF4002F8FEF /* Debug */ = {
			isa = XCBuildConfiguration;
			buildSettings = {
				BUNDLE_LOADER = "$(TEST_HOST)";
				INFOPLIST_FILE = "iOS9---StackViewTests/Info.plist";
				LD_RUNPATH_SEARCH_PATHS = "$(inherited) @executable_path/Frameworks @loader_path/Frameworks";
				PRODUCT_BUNDLE_IDENTIFIER = "com.51testing.iOS9---StackViewTests";
				PRODUCT_NAME = "$(TARGET_NAME)";
				TEST_HOST = "$(BUILT_PRODUCTS_DIR)/iOS9---StackView.app/iOS9---StackView";
			};
			name = Debug;
		};
		5CECA9D11BF57DF4002F8FEF /* Release */ = {
			isa = XCBuildConfiguration;
			buildSettings = {
				BUNDLE_LOADER = "$(TEST_HOST)";
				INFOPLIST_FILE = "iOS9---StackViewTests/Info.plist";
				LD_RUNPATH_SEARCH_PATHS = "$(inherited) @executable_path/Frameworks @loader_path/Frameworks";
				PRODUCT_BUNDLE_IDENTIFIER = "com.51testing.iOS9---StackViewTests";
				PRODUCT_NAME = "$(TARGET_NAME)";
				TEST_HOST = "$(BUILT_PRODUCTS_DIR)/iOS9---StackView.app/iOS9---StackView";
			};
			name = Release;
		};
		5CECA9D31BF57DF4002F8FEF /* Debug */ = {
			isa = XCBuildConfiguration;
			buildSettings = {
				INFOPLIST_FILE = "iOS9---StackViewUITests/Info.plist";
				LD_RUNPATH_SEARCH_PATHS = "$(inherited) @executable_path/Frameworks @loader_path/Frameworks";
				PRODUCT_BUNDLE_IDENTIFIER = "com.51testing.iOS9---StackViewUITests";
				PRODUCT_NAME = "$(TARGET_NAME)";
				TEST_TARGET_NAME = "iOS9---StackView";
				USES_XCTRUNNER = YES;
			};
			name = Debug;
		};
		5CECA9D41BF57DF4002F8FEF /* Release */ = {
			isa = XCBuildConfiguration;
			buildSettings = {
				INFOPLIST_FILE = "iOS9---StackViewUITests/Info.plist";
				LD_RUNPATH_SEARCH_PATHS = "$(inherited) @executable_path/Frameworks @loader_path/Frameworks";
				PRODUCT_BUNDLE_IDENTIFIER = "com.51testing.iOS9---StackViewUITests";
				PRODUCT_NAME = "$(TARGET_NAME)";
				TEST_TARGET_NAME = "iOS9---StackView";
				USES_XCTRUNNER = YES;
			};
			name = Release;
		};
/* End XCBuildConfiguration section */

/* Begin XCConfigurationList section */
		5CECA99F1BF57DF4002F8FEF /* Build configuration list for PBXProject "iOS9---StackView" */ = {
			isa = XCConfigurationList;
			buildConfigurations = (
				5CECA9CA1BF57DF4002F8FEF /* Debug */,
				5CECA9CB1BF57DF4002F8FEF /* Release */,
			);
			defaultConfigurationIsVisible = 0;
			defaultConfigurationName = Release;
		};
		5CECA9CC1BF57DF4002F8FEF /* Build configuration list for PBXNativeTarget "iOS9---StackView" */ = {
			isa = XCConfigurationList;
			buildConfigurations = (
				5CECA9CD1BF57DF4002F8FEF /* Debug */,
				5CECA9CE1BF57DF4002F8FEF /* Release */,
			);
			defaultConfigurationIsVisible = 0;
		};
		5CECA9CF1BF57DF4002F8FEF /* Build configuration list for PBXNativeTarget "iOS9---StackViewTests" */ = {
			isa = XCConfigurationList;
			buildConfigurations = (
				5CECA9D01BF57DF4002F8FEF /* Debug */,
				5CECA9D11BF57DF4002F8FEF /* Release */,
			);
			defaultConfigurationIsVisible = 0;
		};
		5CECA9D21BF57DF4002F8FEF /* Build configuration list for PBXNativeTarget "iOS9---StackViewUITests" */ = {
			isa = XCConfigurationList;
			buildConfigurations = (
				5CECA9D31BF57DF4002F8FEF /* Debug */,
				5CECA9D41BF57DF4002F8FEF /* Release */,
			);
			defaultConfigurationIsVisible = 0;
		};
/* End XCConfigurationList section */
	};
	rootObject = 5CECA99C1BF57DF4002F8FEF /* Project object */;
}
