// !$*UTF8*$!
{
	archiveVersion = 1;
	classes = {
	};
	objectVersion = 46;
	objects = {

/* Begin PBXBuildFile section */
		5CECA9E21BF5B4C9002F8FEF /* AppDelegate.swift in Sources */ = {isa = PBXBuildFile; fileRef = 5CECA9E11BF5B4C9002F8FEF /* AppDelegate.swift */; };
		5CECA9E41BF5B4C9002F8FEF /* ViewController.swift in Sources */ = {isa = PBXBuildFile; fileRef = 5CECA9E31BF5B4C9002F8FEF /* ViewController.swift */; };
		5CECA9E71BF5B4C9002F8FEF /* Main.storyboard in Resources */ = {isa = PBXBuildFile; fileRef = 5CECA9E51BF5B4C9002F8FEF /* Main.storyboard */; };
		5CECA9E91BF5B4C9002F8FEF /* Assets.xcassets in Resources */ = {isa = PBXBuildFile; fileRef = 5CECA9E81BF5B4C9002F8FEF /* Assets.xcassets */; };
		5CECA9EC1BF5B4C9002F8FEF /* LaunchScreen.storyboard in Resources */ = {isa = PBXBuildFile; fileRef = 5CECA9EA1BF5B4C9002F8FEF /* LaunchScreen.storyboard */; };
		5CECA9F71BF5B4C9002F8FEF /* iOS9__ContactFrameworkTests.swift in Sources */ = {isa = PBXBuildFile; fileRef = 5CECA9F61BF5B4C9002F8FEF /* iOS9__ContactFrameworkTests.swift */; };
		5CECAA021BF5B4C9002F8FEF /* iOS9__ContactFrameworkUITests.swift in Sources */ = {isa = PBXBuildFile; fileRef = 5CECAA011BF5B4C9002F8FEF /* iOS9__ContactFrameworkUITests.swift */; };
		5CECAA101BF5C12C002F8FEF /* MasterTVC.swift in Sources */ = {isa = PBXBuildFile; fileRef = 5CECAA0F1BF5C12C002F8FEF /* MasterTVC.swift */; };
		5CECAA121BF5D4C0002F8FEF /* ContactInfo.swift in Sources */ = {isa = PBXBuildFile; fileRef = 5CECAA111BF5D4C0002F8FEF /* ContactInfo.swift */; };
/* End PBXBuildFile section */

/* Begin PBXContainerItemProxy section */
		5CECA9F31BF5B4C9002F8FEF /* PBXContainerItemProxy */ = {
			isa = PBXContainerItemProxy;
			containerPortal = 5CECA9D61BF5B4C9002F8FEF /* Project object */;
			proxyType = 1;
			remoteGlobalIDString = 5CECA9DD1BF5B4C9002F8FEF;
			remoteInfo = "iOS9——ContactFramework";
		};
		5CECA9FE1BF5B4C9002F8FEF /* PBXContainerItemProxy */ = {
			isa = PBXContainerItemProxy;
			containerPortal = 5CECA9D61BF5B4C9002F8FEF /* Project object */;
			proxyType = 1;
			remoteGlobalIDString = 5CECA9DD1BF5B4C9002F8FEF;
			remoteInfo = "iOS9——ContactFramework";
		};
/* End PBXContainerItemProxy section */

/* Begin PBXFileReference section */
		5CECA9DE1BF5B4C9002F8FEF /* iOS9——ContactFramework.app */ = {isa = PBXFileReference; explicitFileType = wrapper.application; includeInIndex = 0; path = "iOS9——ContactFramework.app"; sourceTree = BUILT_PRODUCTS_DIR; };
		5CECA9E11BF5B4C9002F8FEF /* AppDelegate.swift */ = {isa = PBXFileReference; lastKnownFileType = sourcecode.swift; path = AppDelegate.swift; sourceTree = "<group>"; };
		5CECA9E31BF5B4C9002F8FEF /* ViewController.swift */ = {isa = PBXFileReference; lastKnownFileType = sourcecode.swift; path = ViewController.swift; sourceTree = "<group>"; };
		5CECA9E61BF5B4C9002F8FEF /* Base */ = {isa = PBXFileReference; lastKnownFileType = file.storyboard; name = Base; path = Base.lproj/Main.storyboard; sourceTree = "<group>"; };
		5CECA9E81BF5B4C9002F8FEF /* Assets.xcassets */ = {isa = PBXFileReference; lastKnownFileType = folder.assetcatalog; path = Assets.xcassets; sourceTree = "<group>"; };
		5CECA9EB1BF5B4C9002F8FEF /* Base */ = {isa = PBXFileReference; lastKnownFileType = file.storyboard; name = Base; path = Base.lproj/LaunchScreen.storyboard; sourceTree = "<group>"; };
		5CECA9ED1BF5B4C9002F8FEF /* Info.plist */ = {isa = PBXFileReference; lastKnownFileType = text.plist.xml; path = Info.plist; sourceTree = "<group>"; };
		5CECA9F21BF5B4C9002F8FEF /* iOS9——ContactFrameworkTests.xctest */ = {isa = PBXFileReference; explicitFileType = wrapper.cfbundle; includeInIndex = 0; path = "iOS9——ContactFrameworkTests.xctest"; sourceTree = BUILT_PRODUCTS_DIR; };
		5CECA9F61BF5B4C9002F8FEF /* iOS9__ContactFrameworkTests.swift */ = {isa = PBXFileReference; lastKnownFileType = sourcecode.swift; path = iOS9__ContactFrameworkTests.swift; sourceTree = "<group>"; };
		5CECA9F81BF5B4C9002F8FEF /* Info.plist */ = {isa = PBXFileReference; lastKnownFileType = text.plist.xml; path = Info.plist; sourceTree = "<group>"; };
		5CECA9FD1BF5B4C9002F8FEF /* iOS9——ContactFrameworkUITests.xctest */ = {isa = PBXFileReference; explicitFileType = wrapper.cfbundle; includeInIndex = 0; path = "iOS9——ContactFrameworkUITests.xctest"; sourceTree = BUILT_PRODUCTS_DIR; };
		5CECAA011BF5B4C9002F8FEF /* iOS9__ContactFrameworkUITests.swift */ = {isa = PBXFileReference; lastKnownFileType = sourcecode.swift; path = iOS9__ContactFrameworkUITests.swift; sourceTree = "<group>"; };
		5CECAA031BF5B4C9002F8FEF /* Info.plist */ = {isa = PBXFileReference; lastKnownFileType = text.plist.xml; path = Info.plist; sourceTree = "<group>"; };
		5CECAA0F1BF5C12C002F8FEF /* MasterTVC.swift */ = {isa = PBXFileReference; fileEncoding = 4; lastKnownFileType = sourcecode.swift; path = MasterTVC.swift; sourceTree = "<group>"; };
		5CECAA111BF5D4C0002F8FEF /* ContactInfo.swift */ = {isa = PBXFileReference; fileEncoding = 4; lastKnownFileType = sourcecode.swift; path = ContactInfo.swift; sourceTree = "<group>"; };
/* End PBXFileReference section */

/* Begin PBXFrameworksBuildPhase section */
		5CECA9DB1BF5B4C9002F8FEF /* Frameworks */ = {
			isa = PBXFrameworksBuildPhase;
			buildActionMask = 2147483647;
			files = (
			);
			runOnlyForDeploymentPostprocessing = 0;
		};
		5CECA9EF1BF5B4C9002F8FEF /* Frameworks */ = {
			isa = PBXFrameworksBuildPhase;
			buildActionMask = 2147483647;
			files = (
			);
			runOnlyForDeploymentPostprocessing = 0;
		};
		5CECA9FA1BF5B4C9002F8FEF /* Frameworks */ = {
			isa = PBXFrameworksBuildPhase;
			buildActionMask = 2147483647;
			files = (
			);
			runOnlyForDeploymentPostprocessing = 0;
		};
/* End PBXFrameworksBuildPhase section */

/* Begin PBXGroup section */
		5CECA9D51BF5B4C9002F8FEF = {
			isa = PBXGroup;
			children = (
				5CECA9E01BF5B4C9002F8FEF /* iOS9——ContactFramework */,
				5CECA9F51BF5B4C9002F8FEF /* iOS9——ContactFrameworkTests */,
				5CECAA001BF5B4C9002F8FEF /* iOS9——ContactFrameworkUITests */,
				5CECA9DF1BF5B4C9002F8FEF /* Products */,
			);
			sourceTree = "<group>";
		};
		5CECA9DF1BF5B4C9002F8FEF /* Products */ = {
			isa = PBXGroup;
			children = (
				5CECA9DE1BF5B4C9002F8FEF /* iOS9——ContactFramework.app */,
				5CECA9F21BF5B4C9002F8FEF /* iOS9——ContactFrameworkTests.xctest */,
				5CECA9FD1BF5B4C9002F8FEF /* iOS9——ContactFrameworkUITests.xctest */,
			);
			name = Products;
			sourceTree = "<group>";
		};
		5CECA9E01BF5B4C9002F8FEF /* iOS9——ContactFramework */ = {
			isa = PBXGroup;
			children = (
				5CECA9E11BF5B4C9002F8FEF /* AppDelegate.swift */,
				5CECA9E31BF5B4C9002F8FEF /* ViewController.swift */,
				5CECAA0F1BF5C12C002F8FEF /* MasterTVC.swift */,
				5CECAA111BF5D4C0002F8FEF /* ContactInfo.swift */,
				5CECA9E51BF5B4C9002F8FEF /* Main.storyboard */,
				5CECA9E81BF5B4C9002F8FEF /* Assets.xcassets */,
				5CECA9EA1BF5B4C9002F8FEF /* LaunchScreen.storyboard */,
				5CECA9ED1BF5B4C9002F8FEF /* Info.plist */,
			);
			path = "iOS9——ContactFramework";
			sourceTree = "<group>";
		};
		5CECA9F51BF5B4C9002F8FEF /* iOS9——ContactFrameworkTests */ = {
			isa = PBXGroup;
			children = (
				5CECA9F61BF5B4C9002F8FEF /* iOS9__ContactFrameworkTests.swift */,
				5CECA9F81BF5B4C9002F8FEF /* Info.plist */,
			);
			path = "iOS9——ContactFrameworkTests";
			sourceTree = "<group>";
		};
		5CECAA001BF5B4C9002F8FEF /* iOS9——ContactFrameworkUITests */ = {
			isa = PBXGroup;
			children = (
				5CECAA011BF5B4C9002F8FEF /* iOS9__ContactFrameworkUITests.swift */,
				5CECAA031BF5B4C9002F8FEF /* Info.plist */,
			);
			path = "iOS9——ContactFrameworkUITests";
			sourceTree = "<group>";
		};
/* End PBXGroup section */

/* Begin PBXNativeTarget section */
		5CECA9DD1BF5B4C9002F8FEF /* iOS9——ContactFramework */ = {
			isa = PBXNativeTarget;
			buildConfigurationList = 5CECAA061BF5B4C9002F8FEF /* Build configuration list for PBXNativeTarget "iOS9——ContactFramework" */;
			buildPhases = (
				5CECA9DA1BF5B4C9002F8FEF /* Sources */,
				5CECA9DB1BF5B4C9002F8FEF /* Frameworks */,
				5CECA9DC1BF5B4C9002F8FEF /* Resources */,
			);
			buildRules = (
			);
			dependencies = (
			);
			name = "iOS9——ContactFramework";
			productName = "iOS9——ContactFramework";
			productReference = 5CECA9DE1BF5B4C9002F8FEF /* iOS9——ContactFramework.app */;
			productType = "com.apple.product-type.application";
		};
		5CECA9F11BF5B4C9002F8FEF /* iOS9——ContactFrameworkTests */ = {
			isa = PBXNativeTarget;
			buildConfigurationList = 5CECAA091BF5B4C9002F8FEF /* Build configuration list for PBXNativeTarget "iOS9——ContactFrameworkTests" */;
			buildPhases = (
				5CECA9EE1BF5B4C9002F8FEF /* Sources */,
				5CECA9EF1BF5B4C9002F8FEF /* Frameworks */,
				5CECA9F01BF5B4C9002F8FEF /* Resources */,
			);
			buildRules = (
			);
			dependencies = (
				5CECA9F41BF5B4C9002F8FEF /* PBXTargetDependency */,
			);
			name = "iOS9——ContactFrameworkTests";
			productName = "iOS9——ContactFrameworkTests";
			productReference = 5CECA9F21BF5B4C9002F8FEF /* iOS9——ContactFrameworkTests.xctest */;
			productType = "com.apple.product-type.bundle.unit-test";
		};
		5CECA9FC1BF5B4C9002F8FEF /* iOS9——ContactFrameworkUITests */ = {
			isa = PBXNativeTarget;
			buildConfigurationList = 5CECAA0C1BF5B4C9002F8FEF /* Build configuration list for PBXNativeTarget "iOS9——ContactFrameworkUITests" */;
			buildPhases = (
				5CECA9F91BF5B4C9002F8FEF /* Sources */,
				5CECA9FA1BF5B4C9002F8FEF /* Frameworks */,
				5CECA9FB1BF5B4C9002F8FEF /* Resources */,
			);
			buildRules = (
			);
			dependencies = (
				5CECA9FF1BF5B4C9002F8FEF /* PBXTargetDependency */,
			);
			name = "iOS9——ContactFrameworkUITests";
			productName = "iOS9——ContactFrameworkUITests";
			productReference = 5CECA9FD1BF5B4C9002F8FEF /* iOS9——ContactFrameworkUITests.xctest */;
			productType = "com.apple.product-type.bundle.ui-testing";
		};
/* End PBXNativeTarget section */

/* Begin PBXProject section */
		5CECA9D61BF5B4C9002F8FEF /* Project object */ = {
			isa = PBXProject;
			attributes = {
				LastSwiftUpdateCheck = 0710;
				LastUpgradeCheck = 0710;
				ORGANIZATIONNAME = HHW;
				TargetAttributes = {
					5CECA9DD1BF5B4C9002F8FEF = {
						CreatedOnToolsVersion = 7.1;
					};
					5CECA9F11BF5B4C9002F8FEF = {
						CreatedOnToolsVersion = 7.1;
						TestTargetID = 5CECA9DD1BF5B4C9002F8FEF;
					};
					5CECA9FC1BF5B4C9002F8FEF = {
						CreatedOnToolsVersion = 7.1;
						TestTargetID = 5CECA9DD1BF5B4C9002F8FEF;
					};
				};
			};
			buildConfigurationList = 5CECA9D91BF5B4C9002F8FEF /* Build configuration list for PBXProject "iOS9——ContactFramework" */;
			compatibilityVersion = "Xcode 3.2";
			developmentRegion = English;
			hasScannedForEncodings = 0;
			knownRegions = (
				en,
				Base,
			);
			mainGroup = 5CECA9D51BF5B4C9002F8FEF;
			productRefGroup = 5CECA9DF1BF5B4C9002F8FEF /* Products */;
			projectDirPath = "";
			projectRoot = "";
			targets = (
				5CECA9DD1BF5B4C9002F8FEF /* iOS9——ContactFramework */,
				5CECA9F11BF5B4C9002F8FEF /* iOS9——ContactFrameworkTests */,
				5CECA9FC1BF5B4C9002F8FEF /* iOS9——ContactFrameworkUITests */,
			);
		};
/* End PBXProject section */

/* Begin PBXResourcesBuildPhase section */
		5CECA9DC1BF5B4C9002F8FEF /* Resources */ = {
			isa = PBXResourcesBuildPhase;
			buildActionMask = 2147483647;
			files = (
				5CECA9EC1BF5B4C9002F8FEF /* LaunchScreen.storyboard in Resources */,
				5CECA9E91BF5B4C9002F8FEF /* Assets.xcassets in Resources */,
				5CECA9E71BF5B4C9002F8FEF /* Main.storyboard in Resources */,
			);
			runOnlyForDeploymentPostprocessing = 0;
		};
		5CECA9F01BF5B4C9002F8FEF /* Resources */ = {
			isa = PBXResourcesBuildPhase;
			buildActionMask = 2147483647;
			files = (
			);
			runOnlyForDeploymentPostprocessing = 0;
		};
		5CECA9FB1BF5B4C9002F8FEF /* Resources */ = {
			isa = PBXResourcesBuildPhase;
			buildActionMask = 2147483647;
			files = (
			);
			runOnlyForDeploymentPostprocessing = 0;
		};
/* End PBXResourcesBuildPhase section */

/* Begin PBXSourcesBuildPhase section */
		5CECA9DA1BF5B4C9002F8FEF /* Sources */ = {
			isa = PBXSourcesBuildPhase;
			buildActionMask = 2147483647;
			files = (
				5CECAA121BF5D4C0002F8FEF /* ContactInfo.swift in Sources */,
				5CECA9E41BF5B4C9002F8FEF /* ViewController.swift in Sources */,
				5CECA9E21BF5B4C9002F8FEF /* AppDelegate.swift in Sources */,
				5CECAA101BF5C12C002F8FEF /* MasterTVC.swift in Sources */,
			);
			runOnlyForDeploymentPostprocessing = 0;
		};
		5CECA9EE1BF5B4C9002F8FEF /* Sources */ = {
			isa = PBXSourcesBuildPhase;
			buildActionMask = 2147483647;
			files = (
				5CECA9F71BF5B4C9002F8FEF /* iOS9__ContactFrameworkTests.swift in Sources */,
			);
			runOnlyForDeploymentPostprocessing = 0;
		};
		5CECA9F91BF5B4C9002F8FEF /* Sources */ = {
			isa = PBXSourcesBuildPhase;
			buildActionMask = 2147483647;
			files = (
				5CECAA021BF5B4C9002F8FEF /* iOS9__ContactFrameworkUITests.swift in Sources */,
			);
			runOnlyForDeploymentPostprocessing = 0;
		};
/* End PBXSourcesBuildPhase section */

/* Begin PBXTargetDependency section */
		5CECA9F41BF5B4C9002F8FEF /* PBXTargetDependency */ = {
			isa = PBXTargetDependency;
			target = 5CECA9DD1BF5B4C9002F8FEF /* iOS9——ContactFramework */;
			targetProxy = 5CECA9F31BF5B4C9002F8FEF /* PBXContainerItemProxy */;
		};
		5CECA9FF1BF5B4C9002F8FEF /* PBXTargetDependency */ = {
			isa = PBXTargetDependency;
			target = 5CECA9DD1BF5B4C9002F8FEF /* iOS9——ContactFramework */;
			targetProxy = 5CECA9FE1BF5B4C9002F8FEF /* PBXContainerItemProxy */;
		};
/* End PBXTargetDependency section */

/* Begin PBXVariantGroup section */
		5CECA9E51BF5B4C9002F8FEF /* Main.storyboard */ = {
			isa = PBXVariantGroup;
			children = (
				5CECA9E61BF5B4C9002F8FEF /* Base */,
			);
			name = Main.storyboard;
			sourceTree = "<group>";
		};
		5CECA9EA1BF5B4C9002F8FEF /* LaunchScreen.storyboard */ = {
			isa = PBXVariantGroup;
			children = (
				5CECA9EB1BF5B4C9002F8FEF /* Base */,
			);
			name = LaunchScreen.storyboard;
			sourceTree = "<group>";
		};
/* End PBXVariantGroup section */

/* Begin XCBuildConfiguration section */
		5CECAA041BF5B4C9002F8FEF /* Debug */ = {
			isa = XCBuildConfiguration;
			buildSettings = {
				ALWAYS_SEARCH_USER_PATHS = NO;
				CLANG_CXX_LANGUAGE_STANDARD = "gnu++0x";
				CLANG_CXX_LIBRARY = "libc++";
				CLANG_ENABLE_MODULES = YES;
				CLANG_ENABLE_OBJC_ARC = YES;
				CLANG_WARN_BOOL_CONVERSION = YES;
				CLANG_WARN_CONSTANT_CONVERSION = YES;
				CLANG_WARN_DIRECT_OBJC_ISA_USAGE = YES_ERROR;
				CLANG_WARN_EMPTY_BODY = YES;
				CLANG_WARN_ENUM_CONVERSION = YES;
				CLANG_WARN_INT_CONVERSION = YES;
				CLANG_WARN_OBJC_ROOT_CLASS = YES_ERROR;
				CLANG_WARN_UNREACHABLE_CODE = YES;
				CLANG_WARN__DUPLICATE_METHOD_MATCH = YES;
				"CODE_SIGN_IDENTITY[sdk=iphoneos*]" = "iPhone Developer";
				COPY_PHASE_STRIP = NO;
				DEBUG_INFORMATION_FORMAT = dwarf;
				ENABLE_STRICT_OBJC_MSGSEND = YES;
				ENABLE_TESTABILITY = YES;
				GCC_C_LANGUAGE_STANDARD = gnu99;
				GCC_DYNAMIC_NO_PIC = NO;
				GCC_NO_COMMON_BLOCKS = YES;
				GCC_OPTIMIZATION_LEVEL = 0;
				GCC_PREPROCESSOR_DEFINITIONS = (
					"DEBUG=1",
					"$(inherited)",
				);
				GCC_WARN_64_TO_32_BIT_CONVERSION = YES;
				GCC_WARN_ABOUT_RETURN_TYPE = YES_ERROR;
				GCC_WARN_UNDECLARED_SELECTOR = YES;
				GCC_WARN_UNINITIALIZED_AUTOS = YES_AGGRESSIVE;
				GCC_WARN_UNUSED_FUNCTION = YES;
				GCC_WARN_UNUSED_VARIABLE = YES;
				IPHONEOS_DEPLOYMENT_TARGET = 9.1;
				MTL_ENABLE_DEBUG_INFO = YES;
				ONLY_ACTIVE_ARCH = YES;
				SDKROOT = iphoneos;
				SWIFT_OPTIMIZATION_LEVEL = "-Onone";
				TARGETED_DEVICE_FAMILY = "1,2";
			};
			name = Debug;
		};
		5CECAA051BF5B4C9002F8FEF /* Release */ = {
			isa = XCBuildConfiguration;
			buildSettings = {
				ALWAYS_SEARCH_USER_PATHS = NO;
				CLANG_CXX_LANGUAGE_STANDARD = "gnu++0x";
				CLANG_CXX_LIBRARY = "libc++";
				CLANG_ENABLE_MODULES = YES;
				CLANG_ENABLE_OBJC_ARC = YES;
				CLANG_WARN_BOOL_CONVERSION = YES;
				CLANG_WARN_CONSTANT_CONVERSION = YES;
				CLANG_WARN_DIRECT_OBJC_ISA_USAGE = YES_ERROR;
				CLANG_WARN_EMPTY_BODY = YES;
				CLANG_WARN_ENUM_CONVERSION = YES;
				CLANG_WARN_INT_CONVERSION = YES;
				CLANG_WARN_OBJC_ROOT_CLASS = YES_ERROR;
				CLANG_WARN_UNREACHABLE_CODE = YES;
				CLANG_WARN__DUPLICATE_METHOD_MATCH = YES;
				"CODE_SIGN_IDENTITY[sdk=iphoneos*]" = "iPhone Developer";
				COPY_PHASE_STRIP = NO;
				DEBUG_INFORMATION_FORMAT = "dwarf-with-dsym";
				ENABLE_NS_ASSERTIONS = NO;
				ENABLE_STRICT_OBJC_MSGSEND = YES;
				GCC_C_LANGUAGE_STANDARD = gnu99;
				GCC_NO_COMMON_BLOCKS = YES;
				GCC_WARN_64_TO_32_BIT_CONVERSION = YES;
				GCC_WARN_ABOUT_RETURN_TYPE = YES_ERROR;
				GCC_WARN_UNDECLARED_SELECTOR = YES;
				GCC_WARN_UNINITIALIZED_AUTOS = YES_AGGRESSIVE;
				GCC_WARN_UNUSED_FUNCTION = YES;
				GCC_WARN_UNUSED_VARIABLE = YES;
				IPHONEOS_DEPLOYMENT_TARGET = 9.1;
				MTL_ENABLE_DEBUG_INFO = NO;
				SDKROOT = iphoneos;
				TARGETED_DEVICE_FAMILY = "1,2";
				VALIDATE_PRODUCT = YES;
			};
			name = Release;
		};
		5CECAA071BF5B4C9002F8FEF /* Debug */ = {
			isa = XCBuildConfiguration;
			buildSettings = {
				ASSETCATALOG_COMPILER_APPICON_NAME = AppIcon;
				INFOPLIST_FILE = "iOS9——ContactFramework/Info.plist";
				LD_RUNPATH_SEARCH_PATHS = "$(inherited) @executable_path/Frameworks";
				PRODUCT_BUNDLE_IDENTIFIER = "com.51testing.iOS9--ContactFramework";
				PRODUCT_NAME = "$(TARGET_NAME)";
			};
			name = Debug;
		};
		5CECAA081BF5B4C9002F8FEF /* Release */ = {
			isa = XCBuildConfiguration;
			buildSettings = {
				ASSETCATALOG_COMPILER_APPICON_NAME = AppIcon;
				INFOPLIST_FILE = "iOS9——ContactFramework/Info.plist";
				LD_RUNPATH_SEARCH_PATHS = "$(inherited) @executable_path/Frameworks";
				PRODUCT_BUNDLE_IDENTIFIER = "com.51testing.iOS9--ContactFramework";
				PRODUCT_NAME = "$(TARGET_NAME)";
			};
			name = Release;
		};
		5CECAA0A1BF5B4C9002F8FEF /* Debug */ = {
			isa = XCBuildConfiguration;
			buildSettings = {
				BUNDLE_LOADER = "$(TEST_HOST)";
				INFOPLIST_FILE = "iOS9——ContactFrameworkTests/Info.plist";
				LD_RUNPATH_SEARCH_PATHS = "$(inherited) @executable_path/Frameworks @loader_path/Frameworks";
				PRODUCT_BUNDLE_IDENTIFIER = "com.51testing.iOS9--ContactFrameworkTests";
				PRODUCT_NAME = "$(TARGET_NAME)";
				TEST_HOST = "$(BUILT_PRODUCTS_DIR)/iOS9——ContactFramework.app/iOS9——ContactFramework";
			};
			name = Debug;
		};
		5CECAA0B1BF5B4C9002F8FEF /* Release */ = {
			isa = XCBuildConfiguration;
			buildSettings = {
				BUNDLE_LOADER = "$(TEST_HOST)";
				INFOPLIST_FILE = "iOS9——ContactFrameworkTests/Info.plist";
				LD_RUNPATH_SEARCH_PATHS = "$(inherited) @executable_path/Frameworks @loader_path/Frameworks";
				PRODUCT_BUNDLE_IDENTIFIER = "com.51testing.iOS9--ContactFrameworkTests";
				PRODUCT_NAME = "$(TARGET_NAME)";
				TEST_HOST = "$(BUILT_PRODUCTS_DIR)/iOS9——ContactFramework.app/iOS9——ContactFramework";
			};
			name = Release;
		};
		5CECAA0D1BF5B4C9002F8FEF /* Debug */ = {
			isa = XCBuildConfiguration;
			buildSettings = {
				INFOPLIST_FILE = "iOS9——ContactFrameworkUITests/Info.plist";
				LD_RUNPATH_SEARCH_PATHS = "$(inherited) @executable_path/Frameworks @loader_path/Frameworks";
				PRODUCT_BUNDLE_IDENTIFIER = "com.51testing.iOS9--ContactFrameworkUITests";
				PRODUCT_NAME = "$(TARGET_NAME)";
				TEST_TARGET_NAME = "iOS9——ContactFramework";
				USES_XCTRUNNER = YES;
			};
			name = Debug;
		};
		5CECAA0E1BF5B4C9002F8FEF /* Release */ = {
			isa = XCBuildConfiguration;
			buildSettings = {
				INFOPLIST_FILE = "iOS9——ContactFrameworkUITests/Info.plist";
				LD_RUNPATH_SEARCH_PATHS = "$(inherited) @executable_path/Frameworks @loader_path/Frameworks";
				PRODUCT_BUNDLE_IDENTIFIER = "com.51testing.iOS9--ContactFrameworkUITests";
				PRODUCT_NAME = "$(TARGET_NAME)";
				TEST_TARGET_NAME = "iOS9——ContactFramework";
				USES_XCTRUNNER = YES;
			};
			name = Release;
		};
/* End XCBuildConfiguration section */

/* Begin XCConfigurationList section */
		5CECA9D91BF5B4C9002F8FEF /* Build configuration list for PBXProject "iOS9——ContactFramework" */ = {
			isa = XCConfigurationList;
			buildConfigurations = (
				5CECAA041BF5B4C9002F8FEF /* Debug */,
				5CECAA051BF5B4C9002F8FEF /* Release */,
			);
			defaultConfigurationIsVisible = 0;
			defaultConfigurationName = Release;
		};
		5CECAA061BF5B4C9002F8FEF /* Build configuration list for PBXNativeTarget "iOS9——ContactFramework" */ = {
			isa = XCConfigurationList;
			buildConfigurations = (
				5CECAA071BF5B4C9002F8FEF /* Debug */,
				5CECAA081BF5B4C9002F8FEF /* Release */,
			);
			defaultConfigurationIsVisible = 0;
			defaultConfigurationName = Release;
		};
		5CECAA091BF5B4C9002F8FEF /* Build configuration list for PBXNativeTarget "iOS9——ContactFrameworkTests" */ = {
			isa = XCConfigurationList;
			buildConfigurations = (
				5CECAA0A1BF5B4C9002F8FEF /* Debug */,
				5CECAA0B1BF5B4C9002F8FEF /* Release */,
			);
			defaultConfigurationIsVisible = 0;
			defaultConfigurationName = Release;
		};
		5CECAA0C1BF5B4C9002F8FEF /* Build configuration list for PBXNativeTarget "iOS9——ContactFrameworkUITests" */ = {
			isa = XCConfigurationList;
			buildConfigurations = (
				5CECAA0D1BF5B4C9002F8FEF /* Debug */,
				5CECAA0E1BF5B4C9002F8FEF /* Release */,
			);
			defaultConfigurationIsVisible = 0;
			defaultConfigurationName = Release;
		};
/* End XCConfigurationList section */
	};
	rootObject = 5CECA9D61BF5B4C9002F8FEF /* Project object */;
}
