// !$*UTF8*$!
{
	archiveVersion = 1;
	classes = {
	};
	objectVersion = 46;
	objects = {

/* Begin PBXBuildFile section */
		5CECB8251BF461B7007EBD2F /* AppDelegate.swift in Sources */ = {isa = PBXBuildFile; fileRef = 5CECB8241BF461B7007EBD2F /* AppDelegate.swift */; };
		5CECB8271BF461B7007EBD2F /* ViewController.swift in Sources */ = {isa = PBXBuildFile; fileRef = 5CECB8261BF461B7007EBD2F /* ViewController.swift */; };
		5CECB82C1BF461B7007EBD2F /* Assets.xcassets in Resources */ = {isa = PBXBuildFile; fileRef = 5CECB82B1BF461B7007EBD2F /* Assets.xcassets */; };
		5CECB82F1BF461B7007EBD2F /* LaunchScreen.storyboard in Resources */ = {isa = PBXBuildFile; fileRef = 5CECB82D1BF461B7007EBD2F /* LaunchScreen.storyboard */; };
		5CECB83A1BF461B7007EBD2F /* MoreStoryboardTests.swift in Sources */ = {isa = PBXBuildFile; fileRef = 5CECB8391BF461B7007EBD2F /* MoreStoryboardTests.swift */; };
		5CECB8451BF461B7007EBD2F /* MoreStoryboardUITests.swift in Sources */ = {isa = PBXBuildFile; fileRef = 5CECB8441BF461B7007EBD2F /* MoreStoryboardUITests.swift */; };
		5CECB8531BF461F3007EBD2F /* Main.storyboard in Resources */ = {isa = PBXBuildFile; fileRef = 5CECB8521BF461F3007EBD2F /* Main.storyboard */; };
		5CECB8551BF4623C007EBD2F /* More.storyboard in Resources */ = {isa = PBXBuildFile; fileRef = 5CECB8541BF4623C007EBD2F /* More.storyboard */; };
		5CECB8571BF4625A007EBD2F /* Search.storyboard in Resources */ = {isa = PBXBuildFile; fileRef = 5CECB8561BF4625A007EBD2F /* Search.storyboard */; };
		5CECB8591BF46279007EBD2F /* Contacts.storyboard in Resources */ = {isa = PBXBuildFile; fileRef = 5CECB8581BF46279007EBD2F /* Contacts.storyboard */; };
		5CECB85B1BF46CB9007EBD2F /* NewStoryboard.storyboard in Resources */ = {isa = PBXBuildFile; fileRef = 5CECB85A1BF46CB9007EBD2F /* NewStoryboard.storyboard */; };
/* End PBXBuildFile section */

/* Begin PBXContainerItemProxy section */
		5CECB8361BF461B7007EBD2F /* PBXContainerItemProxy */ = {
			isa = PBXContainerItemProxy;
			containerPortal = 5CECB8191BF461B7007EBD2F /* Project object */;
			proxyType = 1;
			remoteGlobalIDString = 5CECB8201BF461B7007EBD2F;
			remoteInfo = MoreStoryboard;
		};
		5CECB8411BF461B7007EBD2F /* PBXContainerItemProxy */ = {
			isa = PBXContainerItemProxy;
			containerPortal = 5CECB8191BF461B7007EBD2F /* Project object */;
			proxyType = 1;
			remoteGlobalIDString = 5CECB8201BF461B7007EBD2F;
			remoteInfo = MoreStoryboard;
		};
/* End PBXContainerItemProxy section */

/* Begin PBXFileReference section */
		5CECB8211BF461B7007EBD2F /* MoreStoryboard.app */ = {isa = PBXFileReference; explicitFileType = wrapper.application; includeInIndex = 0; path = MoreStoryboard.app; sourceTree = BUILT_PRODUCTS_DIR; };
		5CECB8241BF461B7007EBD2F /* AppDelegate.swift */ = {isa = PBXFileReference; lastKnownFileType = sourcecode.swift; path = AppDelegate.swift; sourceTree = "<group>"; };
		5CECB8261BF461B7007EBD2F /* ViewController.swift */ = {isa = PBXFileReference; lastKnownFileType = sourcecode.swift; path = ViewController.swift; sourceTree = "<group>"; };
		5CECB82B1BF461B7007EBD2F /* Assets.xcassets */ = {isa = PBXFileReference; lastKnownFileType = folder.assetcatalog; path = Assets.xcassets; sourceTree = "<group>"; };
		5CECB82E1BF461B7007EBD2F /* Base */ = {isa = PBXFileReference; lastKnownFileType = file.storyboard; name = Base; path = Base.lproj/LaunchScreen.storyboard; sourceTree = "<group>"; };
		5CECB8301BF461B7007EBD2F /* Info.plist */ = {isa = PBXFileReference; lastKnownFileType = text.plist.xml; path = Info.plist; sourceTree = "<group>"; };
		5CECB8351BF461B7007EBD2F /* MoreStoryboardTests.xctest */ = {isa = PBXFileReference; explicitFileType = wrapper.cfbundle; includeInIndex = 0; path = MoreStoryboardTests.xctest; sourceTree = BUILT_PRODUCTS_DIR; };
		5CECB8391BF461B7007EBD2F /* MoreStoryboardTests.swift */ = {isa = PBXFileReference; lastKnownFileType = sourcecode.swift; path = MoreStoryboardTests.swift; sourceTree = "<group>"; };
		5CECB83B1BF461B7007EBD2F /* Info.plist */ = {isa = PBXFileReference; lastKnownFileType = text.plist.xml; path = Info.plist; sourceTree = "<group>"; };
		5CECB8401BF461B7007EBD2F /* MoreStoryboardUITests.xctest */ = {isa = PBXFileReference; explicitFileType = wrapper.cfbundle; includeInIndex = 0; path = MoreStoryboardUITests.xctest; sourceTree = BUILT_PRODUCTS_DIR; };
		5CECB8441BF461B7007EBD2F /* MoreStoryboardUITests.swift */ = {isa = PBXFileReference; lastKnownFileType = sourcecode.swift; path = MoreStoryboardUITests.swift; sourceTree = "<group>"; };
		5CECB8461BF461B7007EBD2F /* Info.plist */ = {isa = PBXFileReference; lastKnownFileType = text.plist.xml; path = Info.plist; sourceTree = "<group>"; };
		5CECB8521BF461F3007EBD2F /* Main.storyboard */ = {isa = PBXFileReference; fileEncoding = 4; lastKnownFileType = file.storyboard; path = Main.storyboard; sourceTree = "<group>"; };
		5CECB8541BF4623C007EBD2F /* More.storyboard */ = {isa = PBXFileReference; fileEncoding = 4; lastKnownFileType = file.storyboard; path = More.storyboard; sourceTree = "<group>"; };
		5CECB8561BF4625A007EBD2F /* Search.storyboard */ = {isa = PBXFileReference; fileEncoding = 4; lastKnownFileType = file.storyboard; path = Search.storyboard; sourceTree = "<group>"; };
		5CECB8581BF46279007EBD2F /* Contacts.storyboard */ = {isa = PBXFileReference; fileEncoding = 4; lastKnownFileType = file.storyboard; path = Contacts.storyboard; sourceTree = "<group>"; };
		5CECB85A1BF46CB9007EBD2F /* NewStoryboard.storyboard */ = {isa = PBXFileReference; fileEncoding = 4; lastKnownFileType = file.storyboard; path = NewStoryboard.storyboard; sourceTree = "<group>"; };
/* End PBXFileReference section */

/* Begin PBXFrameworksBuildPhase section */
		5CECB81E1BF461B7007EBD2F /* Frameworks */ = {
			isa = PBXFrameworksBuildPhase;
			buildActionMask = 2147483647;
			files = (
			);
			runOnlyForDeploymentPostprocessing = 0;
		};
		5CECB8321BF461B7007EBD2F /* Frameworks */ = {
			isa = PBXFrameworksBuildPhase;
			buildActionMask = 2147483647;
			files = (
			);
			runOnlyForDeploymentPostprocessing = 0;
		};
		5CECB83D1BF461B7007EBD2F /* Frameworks */ = {
			isa = PBXFrameworksBuildPhase;
			buildActionMask = 2147483647;
			files = (
			);
			runOnlyForDeploymentPostprocessing = 0;
		};
/* End PBXFrameworksBuildPhase section */

/* Begin PBXGroup section */
		5CECB8181BF461B7007EBD2F = {
			isa = PBXGroup;
			children = (
				5CECB8231BF461B7007EBD2F /* MoreStoryboard */,
				5CECB8381BF461B7007EBD2F /* MoreStoryboardTests */,
				5CECB8431BF461B7007EBD2F /* MoreStoryboardUITests */,
				5CECB8221BF461B7007EBD2F /* Products */,
			);
			sourceTree = "<group>";
		};
		5CECB8221BF461B7007EBD2F /* Products */ = {
			isa = PBXGroup;
			children = (
				5CECB8211BF461B7007EBD2F /* MoreStoryboard.app */,
				5CECB8351BF461B7007EBD2F /* MoreStoryboardTests.xctest */,
				5CECB8401BF461B7007EBD2F /* MoreStoryboardUITests.xctest */,
			);
			name = Products;
			sourceTree = "<group>";
		};
		5CECB8231BF461B7007EBD2F /* MoreStoryboard */ = {
			isa = PBXGroup;
			children = (
				5CECB8241BF461B7007EBD2F /* AppDelegate.swift */,
				5CECB8261BF461B7007EBD2F /* ViewController.swift */,
				5CECB8521BF461F3007EBD2F /* Main.storyboard */,
				5CECB8581BF46279007EBD2F /* Contacts.storyboard */,
				5CECB8561BF4625A007EBD2F /* Search.storyboard */,
				5CECB8541BF4623C007EBD2F /* More.storyboard */,
				5CECB82B1BF461B7007EBD2F /* Assets.xcassets */,
				5CECB82D1BF461B7007EBD2F /* LaunchScreen.storyboard */,
				5CECB8301BF461B7007EBD2F /* Info.plist */,
				5CECB85A1BF46CB9007EBD2F /* NewStoryboard.storyboard */,
			);
			path = MoreStoryboard;
			sourceTree = "<group>";
		};
		5CECB8381BF461B7007EBD2F /* MoreStoryboardTests */ = {
			isa = PBXGroup;
			children = (
				5CECB8391BF461B7007EBD2F /* MoreStoryboardTests.swift */,
				5CECB83B1BF461B7007EBD2F /* Info.plist */,
			);
			path = MoreStoryboardTests;
			sourceTree = "<group>";
		};
		5CECB8431BF461B7007EBD2F /* MoreStoryboardUITests */ = {
			isa = PBXGroup;
			children = (
				5CECB8441BF461B7007EBD2F /* MoreStoryboardUITests.swift */,
				5CECB8461BF461B7007EBD2F /* Info.plist */,
			);
			path = MoreStoryboardUITests;
			sourceTree = "<group>";
		};
/* End PBXGroup section */

/* Begin PBXNativeTarget section */
		5CECB8201BF461B7007EBD2F /* MoreStoryboard */ = {
			isa = PBXNativeTarget;
			buildConfigurationList = 5CECB8491BF461B7007EBD2F /* Build configuration list for PBXNativeTarget "MoreStoryboard" */;
			buildPhases = (
				5CECB81D1BF461B7007EBD2F /* Sources */,
				5CECB81E1BF461B7007EBD2F /* Frameworks */,
				5CECB81F1BF461B7007EBD2F /* Resources */,
			);
			buildRules = (
			);
			dependencies = (
			);
			name = MoreStoryboard;
			productName = MoreStoryboard;
			productReference = 5CECB8211BF461B7007EBD2F /* MoreStoryboard.app */;
			productType = "com.apple.product-type.application";
		};
		5CECB8341BF461B7007EBD2F /* MoreStoryboardTests */ = {
			isa = PBXNativeTarget;
			buildConfigurationList = 5CECB84C1BF461B7007EBD2F /* Build configuration list for PBXNativeTarget "MoreStoryboardTests" */;
			buildPhases = (
				5CECB8311BF461B7007EBD2F /* Sources */,
				5CECB8321BF461B7007EBD2F /* Frameworks */,
				5CECB8331BF461B7007EBD2F /* Resources */,
			);
			buildRules = (
			);
			dependencies = (
				5CECB8371BF461B7007EBD2F /* PBXTargetDependency */,
			);
			name = MoreStoryboardTests;
			productName = MoreStoryboardTests;
			productReference = 5CECB8351BF461B7007EBD2F /* MoreStoryboardTests.xctest */;
			productType = "com.apple.product-type.bundle.unit-test";
		};
		5CECB83F1BF461B7007EBD2F /* MoreStoryboardUITests */ = {
			isa = PBXNativeTarget;
			buildConfigurationList = 5CECB84F1BF461B7007EBD2F /* Build configuration list for PBXNativeTarget "MoreStoryboardUITests" */;
			buildPhases = (
				5CECB83C1BF461B7007EBD2F /* Sources */,
				5CECB83D1BF461B7007EBD2F /* Frameworks */,
				5CECB83E1BF461B7007EBD2F /* Resources */,
			);
			buildRules = (
			);
			dependencies = (
				5CECB8421BF461B7007EBD2F /* PBXTargetDependency */,
			);
			name = MoreStoryboardUITests;
			productName = MoreStoryboardUITests;
			productReference = 5CECB8401BF461B7007EBD2F /* MoreStoryboardUITests.xctest */;
			productType = "com.apple.product-type.bundle.ui-testing";
		};
/* End PBXNativeTarget section */

/* Begin PBXProject section */
		5CECB8191BF461B7007EBD2F /* Project object */ = {
			isa = PBXProject;
			attributes = {
				LastSwiftUpdateCheck = 0710;
				LastUpgradeCheck = 0710;
				ORGANIZATIONNAME = HHW;
				TargetAttributes = {
					5CECB8201BF461B7007EBD2F = {
						CreatedOnToolsVersion = 7.1;
					};
					5CECB8341BF461B7007EBD2F = {
						CreatedOnToolsVersion = 7.1;
						TestTargetID = 5CECB8201BF461B7007EBD2F;
					};
					5CECB83F1BF461B7007EBD2F = {
						CreatedOnToolsVersion = 7.1;
						TestTargetID = 5CECB8201BF461B7007EBD2F;
					};
				};
			};
			buildConfigurationList = 5CECB81C1BF461B7007EBD2F /* Build configuration list for PBXProject "MoreStoryboard" */;
			compatibilityVersion = "Xcode 3.2";
			developmentRegion = English;
			hasScannedForEncodings = 0;
			knownRegions = (
				en,
				Base,
			);
			mainGroup = 5CECB8181BF461B7007EBD2F;
			productRefGroup = 5CECB8221BF461B7007EBD2F /* Products */;
			projectDirPath = "";
			projectRoot = "";
			targets = (
				5CECB8201BF461B7007EBD2F /* MoreStoryboard */,
				5CECB8341BF461B7007EBD2F /* MoreStoryboardTests */,
				5CECB83F1BF461B7007EBD2F /* MoreStoryboardUITests */,
			);
		};
/* End PBXProject section */

/* Begin PBXResourcesBuildPhase section */
		5CECB81F1BF461B7007EBD2F /* Resources */ = {
			isa = PBXResourcesBuildPhase;
			buildActionMask = 2147483647;
			files = (
				5CECB85B1BF46CB9007EBD2F /* NewStoryboard.storyboard in Resources */,
				5CECB8531BF461F3007EBD2F /* Main.storyboard in Resources */,
				5CECB8551BF4623C007EBD2F /* More.storyboard in Resources */,
				5CECB82F1BF461B7007EBD2F /* LaunchScreen.storyboard in Resources */,
				5CECB8591BF46279007EBD2F /* Contacts.storyboard in Resources */,
				5CECB82C1BF461B7007EBD2F /* Assets.xcassets in Resources */,
				5CECB8571BF4625A007EBD2F /* Search.storyboard in Resources */,
			);
			runOnlyForDeploymentPostprocessing = 0;
		};
		5CECB8331BF461B7007EBD2F /* Resources */ = {
			isa = PBXResourcesBuildPhase;
			buildActionMask = 2147483647;
			files = (
			);
			runOnlyForDeploymentPostprocessing = 0;
		};
		5CECB83E1BF461B7007EBD2F /* Resources */ = {
			isa = PBXResourcesBuildPhase;
			buildActionMask = 2147483647;
			files = (
			);
			runOnlyForDeploymentPostprocessing = 0;
		};
/* End PBXResourcesBuildPhase section */

/* Begin PBXSourcesBuildPhase section */
		5CECB81D1BF461B7007EBD2F /* Sources */ = {
			isa = PBXSourcesBuildPhase;
			buildActionMask = 2147483647;
			files = (
				5CECB8271BF461B7007EBD2F /* ViewController.swift in Sources */,
				5CECB8251BF461B7007EBD2F /* AppDelegate.swift in Sources */,
			);
			runOnlyForDeploymentPostprocessing = 0;
		};
		5CECB8311BF461B7007EBD2F /* Sources */ = {
			isa = PBXSourcesBuildPhase;
			buildActionMask = 2147483647;
			files = (
				5CECB83A1BF461B7007EBD2F /* MoreStoryboardTests.swift in Sources */,
			);
			runOnlyForDeploymentPostprocessing = 0;
		};
		5CECB83C1BF461B7007EBD2F /* Sources */ = {
			isa = PBXSourcesBuildPhase;
			buildActionMask = 2147483647;
			files = (
				5CECB8451BF461B7007EBD2F /* MoreStoryboardUITests.swift in Sources */,
			);
			runOnlyForDeploymentPostprocessing = 0;
		};
/* End PBXSourcesBuildPhase section */

/* Begin PBXTargetDependency section */
		5CECB8371BF461B7007EBD2F /* PBXTargetDependency */ = {
			isa = PBXTargetDependency;
			target = 5CECB8201BF461B7007EBD2F /* MoreStoryboard */;
			targetProxy = 5CECB8361BF461B7007EBD2F /* PBXContainerItemProxy */;
		};
		5CECB8421BF461B7007EBD2F /* PBXTargetDependency */ = {
			isa = PBXTargetDependency;
			target = 5CECB8201BF461B7007EBD2F /* MoreStoryboard */;
			targetProxy = 5CECB8411BF461B7007EBD2F /* PBXContainerItemProxy */;
		};
/* End PBXTargetDependency section */

/* Begin PBXVariantGroup section */
		5CECB82D1BF461B7007EBD2F /* LaunchScreen.storyboard */ = {
			isa = PBXVariantGroup;
			children = (
				5CECB82E1BF461B7007EBD2F /* Base */,
			);
			name = LaunchScreen.storyboard;
			sourceTree = "<group>";
		};
/* End PBXVariantGroup section */

/* Begin XCBuildConfiguration section */
		5CECB8471BF461B7007EBD2F /* Debug */ = {
			isa = XCBuildConfiguration;
			buildSettings = {
				ALWAYS_SEARCH_USER_PATHS = NO;
				CLANG_CXX_LANGUAGE_STANDARD = "gnu++0x";
				CLANG_CXX_LIBRARY = "libc++";
				CLANG_ENABLE_MODULES = YES;
				CLANG_ENABLE_OBJC_ARC = YES;
				CLANG_WARN_BOOL_CONVERSION = YES;
				CLANG_WARN_CONSTANT_CONVERSION = YES;
				CLANG_WARN_DIRECT_OBJC_ISA_USAGE = YES_ERROR;
				CLANG_WARN_EMPTY_BODY = YES;
				CLANG_WARN_ENUM_CONVERSION = YES;
				CLANG_WARN_INT_CONVERSION = YES;
				CLANG_WARN_OBJC_ROOT_CLASS = YES_ERROR;
				CLANG_WARN_UNREACHABLE_CODE = YES;
				CLANG_WARN__DUPLICATE_METHOD_MATCH = YES;
				"CODE_SIGN_IDENTITY[sdk=iphoneos*]" = "iPhone Developer";
				COPY_PHASE_STRIP = NO;
				DEBUG_INFORMATION_FORMAT = dwarf;
				ENABLE_STRICT_OBJC_MSGSEND = YES;
				ENABLE_TESTABILITY = YES;
				GCC_C_LANGUAGE_STANDARD = gnu99;
				GCC_DYNAMIC_NO_PIC = NO;
				GCC_NO_COMMON_BLOCKS = YES;
				GCC_OPTIMIZATION_LEVEL = 0;
				GCC_PREPROCESSOR_DEFINITIONS = (
					"DEBUG=1",
					"$(inherited)",
				);
				GCC_WARN_64_TO_32_BIT_CONVERSION = YES;
				GCC_WARN_ABOUT_RETURN_TYPE = YES_ERROR;
				GCC_WARN_UNDECLARED_SELECTOR = YES;
				GCC_WARN_UNINITIALIZED_AUTOS = YES_AGGRESSIVE;
				GCC_WARN_UNUSED_FUNCTION = YES;
				GCC_WARN_UNUSED_VARIABLE = YES;
				IPHONEOS_DEPLOYMENT_TARGET = 9.1;
				MTL_ENABLE_DEBUG_INFO = YES;
				ONLY_ACTIVE_ARCH = YES;
				SDKROOT = iphoneos;
				SWIFT_OPTIMIZATION_LEVEL = "-Onone";
				TARGETED_DEVICE_FAMILY = "1,2";
			};
			name = Debug;
		};
		5CECB8481BF461B7007EBD2F /* Release */ = {
			isa = XCBuildConfiguration;
			buildSettings = {
				ALWAYS_SEARCH_USER_PATHS = NO;
				CLANG_CXX_LANGUAGE_STANDARD = "gnu++0x";
				CLANG_CXX_LIBRARY = "libc++";
				CLANG_ENABLE_MODULES = YES;
				CLANG_ENABLE_OBJC_ARC = YES;
				CLANG_WARN_BOOL_CONVERSION = YES;
				CLANG_WARN_CONSTANT_CONVERSION = YES;
				CLANG_WARN_DIRECT_OBJC_ISA_USAGE = YES_ERROR;
				CLANG_WARN_EMPTY_BODY = YES;
				CLANG_WARN_ENUM_CONVERSION = YES;
				CLANG_WARN_INT_CONVERSION = YES;
				CLANG_WARN_OBJC_ROOT_CLASS = YES_ERROR;
				CLANG_WARN_UNREACHABLE_CODE = YES;
				CLANG_WARN__DUPLICATE_METHOD_MATCH = YES;
				"CODE_SIGN_IDENTITY[sdk=iphoneos*]" = "iPhone Developer";
				COPY_PHASE_STRIP = NO;
				DEBUG_INFORMATION_FORMAT = "dwarf-with-dsym";
				ENABLE_NS_ASSERTIONS = NO;
				ENABLE_STRICT_OBJC_MSGSEND = YES;
				GCC_C_LANGUAGE_STANDARD = gnu99;
				GCC_NO_COMMON_BLOCKS = YES;
				GCC_WARN_64_TO_32_BIT_CONVERSION = YES;
				GCC_WARN_ABOUT_RETURN_TYPE = YES_ERROR;
				GCC_WARN_UNDECLARED_SELECTOR = YES;
				GCC_WARN_UNINITIALIZED_AUTOS = YES_AGGRESSIVE;
				GCC_WARN_UNUSED_FUNCTION = YES;
				GCC_WARN_UNUSED_VARIABLE = YES;
				IPHONEOS_DEPLOYMENT_TARGET = 9.1;
				MTL_ENABLE_DEBUG_INFO = NO;
				SDKROOT = iphoneos;
				TARGETED_DEVICE_FAMILY = "1,2";
				VALIDATE_PRODUCT = YES;
			};
			name = Release;
		};
		5CECB84A1BF461B7007EBD2F /* Debug */ = {
			isa = XCBuildConfiguration;
			buildSettings = {
				ASSETCATALOG_COMPILER_APPICON_NAME = AppIcon;
				INFOPLIST_FILE = MoreStoryboard/Info.plist;
				LD_RUNPATH_SEARCH_PATHS = "$(inherited) @executable_path/Frameworks";
				PRODUCT_BUNDLE_IDENTIFIER = com.51testing.MoreStoryboard;
				PRODUCT_NAME = "$(TARGET_NAME)";
			};
			name = Debug;
		};
		5CECB84B1BF461B7007EBD2F /* Release */ = {
			isa = XCBuildConfiguration;
			buildSettings = {
				ASSETCATALOG_COMPILER_APPICON_NAME = AppIcon;
				INFOPLIST_FILE = MoreStoryboard/Info.plist;
				LD_RUNPATH_SEARCH_PATHS = "$(inherited) @executable_path/Frameworks";
				PRODUCT_BUNDLE_IDENTIFIER = com.51testing.MoreStoryboard;
				PRODUCT_NAME = "$(TARGET_NAME)";
			};
			name = Release;
		};
		5CECB84D1BF461B7007EBD2F /* Debug */ = {
			isa = XCBuildConfiguration;
			buildSettings = {
				BUNDLE_LOADER = "$(TEST_HOST)";
				INFOPLIST_FILE = MoreStoryboardTests/Info.plist;
				LD_RUNPATH_SEARCH_PATHS = "$(inherited) @executable_path/Frameworks @loader_path/Frameworks";
				PRODUCT_BUNDLE_IDENTIFIER = com.51testing.MoreStoryboardTests;
				PRODUCT_NAME = "$(TARGET_NAME)";
				TEST_HOST = "$(BUILT_PRODUCTS_DIR)/MoreStoryboard.app/MoreStoryboard";
			};
			name = Debug;
		};
		5CECB84E1BF461B7007EBD2F /* Release */ = {
			isa = XCBuildConfiguration;
			buildSettings = {
				BUNDLE_LOADER = "$(TEST_HOST)";
				INFOPLIST_FILE = MoreStoryboardTests/Info.plist;
				LD_RUNPATH_SEARCH_PATHS = "$(inherited) @executable_path/Frameworks @loader_path/Frameworks";
				PRODUCT_BUNDLE_IDENTIFIER = com.51testing.MoreStoryboardTests;
				PRODUCT_NAME = "$(TARGET_NAME)";
				TEST_HOST = "$(BUILT_PRODUCTS_DIR)/MoreStoryboard.app/MoreStoryboard";
			};
			name = Release;
		};
		5CECB8501BF461B7007EBD2F /* Debug */ = {
			isa = XCBuildConfiguration;
			buildSettings = {
				INFOPLIST_FILE = MoreStoryboardUITests/Info.plist;
				LD_RUNPATH_SEARCH_PATHS = "$(inherited) @executable_path/Frameworks @loader_path/Frameworks";
				PRODUCT_BUNDLE_IDENTIFIER = com.51testing.MoreStoryboardUITests;
				PRODUCT_NAME = "$(TARGET_NAME)";
				TEST_TARGET_NAME = MoreStoryboard;
				USES_XCTRUNNER = YES;
			};
			name = Debug;
		};
		5CECB8511BF461B7007EBD2F /* Release */ = {
			isa = XCBuildConfiguration;
			buildSettings = {
				INFOPLIST_FILE = MoreStoryboardUITests/Info.plist;
				LD_RUNPATH_SEARCH_PATHS = "$(inherited) @executable_path/Frameworks @loader_path/Frameworks";
				PRODUCT_BUNDLE_IDENTIFIER = com.51testing.MoreStoryboardUITests;
				PRODUCT_NAME = "$(TARGET_NAME)";
				TEST_TARGET_NAME = MoreStoryboard;
				USES_XCTRUNNER = YES;
			};
			name = Release;
		};
/* End XCBuildConfiguration section */

/* Begin XCConfigurationList section */
		5CECB81C1BF461B7007EBD2F /* Build configuration list for PBXProject "MoreStoryboard" */ = {
			isa = XCConfigurationList;
			buildConfigurations = (
				5CECB8471BF461B7007EBD2F /* Debug */,
				5CECB8481BF461B7007EBD2F /* Release */,
			);
			defaultConfigurationIsVisible = 0;
			defaultConfigurationName = Release;
		};
		5CECB8491BF461B7007EBD2F /* Build configuration list for PBXNativeTarget "MoreStoryboard" */ = {
			isa = XCConfigurationList;
			buildConfigurations = (
				5CECB84A1BF461B7007EBD2F /* Debug */,
				5CECB84B1BF461B7007EBD2F /* Release */,
			);
			defaultConfigurationIsVisible = 0;
			defaultConfigurationName = Release;
		};
		5CECB84C1BF461B7007EBD2F /* Build configuration list for PBXNativeTarget "MoreStoryboardTests" */ = {
			isa = XCConfigurationList;
			buildConfigurations = (
				5CECB84D1BF461B7007EBD2F /* Debug */,
				5CECB84E1BF461B7007EBD2F /* Release */,
			);
			defaultConfigurationIsVisible = 0;
			defaultConfigurationName = Release;
		};
		5CECB84F1BF461B7007EBD2F /* Build configuration list for PBXNativeTarget "MoreStoryboardUITests" */ = {
			isa = XCConfigurationList;
			buildConfigurations = (
				5CECB8501BF461B7007EBD2F /* Debug */,
				5CECB8511BF461B7007EBD2F /* Release */,
			);
			defaultConfigurationIsVisible = 0;
			defaultConfigurationName = Release;
		};
/* End XCConfigurationList section */
	};
	rootObject = 5CECB8191BF461B7007EBD2F /* Project object */;
}
