// !$*UTF8*$!
{
	archiveVersion = 1;
	classes = {
	};
	objectVersion = 46;
	objects = {

/* Begin PBXBuildFile section */
		5CECB7DF1BF42DCC007EBD2F /* AppDelegate.swift in Sources */ = {isa = PBXBuildFile; fileRef = 5CECB7DE1BF42DCC007EBD2F /* AppDelegate.swift */; };
		5CECB7E11BF42DCC007EBD2F /* ViewController.swift in Sources */ = {isa = PBXBuildFile; fileRef = 5CECB7E01BF42DCC007EBD2F /* ViewController.swift */; };
		5CECB7E41BF42DCC007EBD2F /* Main.storyboard in Resources */ = {isa = PBXBuildFile; fileRef = 5CECB7E21BF42DCC007EBD2F /* Main.storyboard */; };
		5CECB7E61BF42DCC007EBD2F /* Assets.xcassets in Resources */ = {isa = PBXBuildFile; fileRef = 5CECB7E51BF42DCC007EBD2F /* Assets.xcassets */; };
		5CECB7E91BF42DCC007EBD2F /* LaunchScreen.storyboard in Resources */ = {isa = PBXBuildFile; fileRef = 5CECB7E71BF42DCC007EBD2F /* LaunchScreen.storyboard */; };
		5CECB7F41BF42DCC007EBD2F /* OneStoryboardTests.swift in Sources */ = {isa = PBXBuildFile; fileRef = 5CECB7F31BF42DCC007EBD2F /* OneStoryboardTests.swift */; };
		5CECB7FF1BF42DCC007EBD2F /* OneStoryboardUITests.swift in Sources */ = {isa = PBXBuildFile; fileRef = 5CECB7FE1BF42DCC007EBD2F /* OneStoryboardUITests.swift */; };
/* End PBXBuildFile section */

/* Begin PBXContainerItemProxy section */
		5CECB7F01BF42DCC007EBD2F /* PBXContainerItemProxy */ = {
			isa = PBXContainerItemProxy;
			containerPortal = 5CECB7D31BF42DCC007EBD2F /* Project object */;
			proxyType = 1;
			remoteGlobalIDString = 5CECB7DA1BF42DCC007EBD2F;
			remoteInfo = OneStoryboard;
		};
		5CECB7FB1BF42DCC007EBD2F /* PBXContainerItemProxy */ = {
			isa = PBXContainerItemProxy;
			containerPortal = 5CECB7D31BF42DCC007EBD2F /* Project object */;
			proxyType = 1;
			remoteGlobalIDString = 5CECB7DA1BF42DCC007EBD2F;
			remoteInfo = OneStoryboard;
		};
/* End PBXContainerItemProxy section */

/* Begin PBXFileReference section */
		5CECB7DB1BF42DCC007EBD2F /* OneStoryboard.app */ = {isa = PBXFileReference; explicitFileType = wrapper.application; includeInIndex = 0; path = OneStoryboard.app; sourceTree = BUILT_PRODUCTS_DIR; };
		5CECB7DE1BF42DCC007EBD2F /* AppDelegate.swift */ = {isa = PBXFileReference; lastKnownFileType = sourcecode.swift; path = AppDelegate.swift; sourceTree = "<group>"; };
		5CECB7E01BF42DCC007EBD2F /* ViewController.swift */ = {isa = PBXFileReference; lastKnownFileType = sourcecode.swift; path = ViewController.swift; sourceTree = "<group>"; };
		5CECB7E31BF42DCC007EBD2F /* Base */ = {isa = PBXFileReference; lastKnownFileType = file.storyboard; name = Base; path = Base.lproj/Main.storyboard; sourceTree = "<group>"; };
		5CECB7E51BF42DCC007EBD2F /* Assets.xcassets */ = {isa = PBXFileReference; lastKnownFileType = folder.assetcatalog; path = Assets.xcassets; sourceTree = "<group>"; };
		5CECB7E81BF42DCC007EBD2F /* Base */ = {isa = PBXFileReference; lastKnownFileType = file.storyboard; name = Base; path = Base.lproj/LaunchScreen.storyboard; sourceTree = "<group>"; };
		5CECB7EA1BF42DCC007EBD2F /* Info.plist */ = {isa = PBXFileReference; lastKnownFileType = text.plist.xml; path = Info.plist; sourceTree = "<group>"; };
		5CECB7EF1BF42DCC007EBD2F /* OneStoryboardTests.xctest */ = {isa = PBXFileReference; explicitFileType = wrapper.cfbundle; includeInIndex = 0; path = OneStoryboardTests.xctest; sourceTree = BUILT_PRODUCTS_DIR; };
		5CECB7F31BF42DCC007EBD2F /* OneStoryboardTests.swift */ = {isa = PBXFileReference; lastKnownFileType = sourcecode.swift; path = OneStoryboardTests.swift; sourceTree = "<group>"; };
		5CECB7F51BF42DCC007EBD2F /* Info.plist */ = {isa = PBXFileReference; lastKnownFileType = text.plist.xml; path = Info.plist; sourceTree = "<group>"; };
		5CECB7FA1BF42DCC007EBD2F /* OneStoryboardUITests.xctest */ = {isa = PBXFileReference; explicitFileType = wrapper.cfbundle; includeInIndex = 0; path = OneStoryboardUITests.xctest; sourceTree = BUILT_PRODUCTS_DIR; };
		5CECB7FE1BF42DCC007EBD2F /* OneStoryboardUITests.swift */ = {isa = PBXFileReference; lastKnownFileType = sourcecode.swift; path = OneStoryboardUITests.swift; sourceTree = "<group>"; };
		5CECB8001BF42DCC007EBD2F /* Info.plist */ = {isa = PBXFileReference; lastKnownFileType = text.plist.xml; path = Info.plist; sourceTree = "<group>"; };
/* End PBXFileReference section */

/* Begin PBXFrameworksBuildPhase section */
		5CECB7D81BF42DCC007EBD2F /* Frameworks */ = {
			isa = PBXFrameworksBuildPhase;
			buildActionMask = 2147483647;
			files = (
			);
			runOnlyForDeploymentPostprocessing = 0;
		};
		5CECB7EC1BF42DCC007EBD2F /* Frameworks */ = {
			isa = PBXFrameworksBuildPhase;
			buildActionMask = 2147483647;
			files = (
			);
			runOnlyForDeploymentPostprocessing = 0;
		};
		5CECB7F71BF42DCC007EBD2F /* Frameworks */ = {
			isa = PBXFrameworksBuildPhase;
			buildActionMask = 2147483647;
			files = (
			);
			runOnlyForDeploymentPostprocessing = 0;
		};
/* End PBXFrameworksBuildPhase section */

/* Begin PBXGroup section */
		5CECB7D21BF42DCC007EBD2F = {
			isa = PBXGroup;
			children = (
				5CECB7DD1BF42DCC007EBD2F /* OneStoryboard */,
				5CECB7F21BF42DCC007EBD2F /* OneStoryboardTests */,
				5CECB7FD1BF42DCC007EBD2F /* OneStoryboardUITests */,
				5CECB7DC1BF42DCC007EBD2F /* Products */,
			);
			sourceTree = "<group>";
		};
		5CECB7DC1BF42DCC007EBD2F /* Products */ = {
			isa = PBXGroup;
			children = (
				5CECB7DB1BF42DCC007EBD2F /* OneStoryboard.app */,
				5CECB7EF1BF42DCC007EBD2F /* OneStoryboardTests.xctest */,
				5CECB7FA1BF42DCC007EBD2F /* OneStoryboardUITests.xctest */,
			);
			name = Products;
			sourceTree = "<group>";
		};
		5CECB7DD1BF42DCC007EBD2F /* OneStoryboard */ = {
			isa = PBXGroup;
			children = (
				5CECB7DE1BF42DCC007EBD2F /* AppDelegate.swift */,
				5CECB7E01BF42DCC007EBD2F /* ViewController.swift */,
				5CECB7E21BF42DCC007EBD2F /* Main.storyboard */,
				5CECB7E51BF42DCC007EBD2F /* Assets.xcassets */,
				5CECB7E71BF42DCC007EBD2F /* LaunchScreen.storyboard */,
				5CECB7EA1BF42DCC007EBD2F /* Info.plist */,
			);
			path = OneStoryboard;
			sourceTree = "<group>";
		};
		5CECB7F21BF42DCC007EBD2F /* OneStoryboardTests */ = {
			isa = PBXGroup;
			children = (
				5CECB7F31BF42DCC007EBD2F /* OneStoryboardTests.swift */,
				5CECB7F51BF42DCC007EBD2F /* Info.plist */,
			);
			path = OneStoryboardTests;
			sourceTree = "<group>";
		};
		5CECB7FD1BF42DCC007EBD2F /* OneStoryboardUITests */ = {
			isa = PBXGroup;
			children = (
				5CECB7FE1BF42DCC007EBD2F /* OneStoryboardUITests.swift */,
				5CECB8001BF42DCC007EBD2F /* Info.plist */,
			);
			path = OneStoryboardUITests;
			sourceTree = "<group>";
		};
/* End PBXGroup section */

/* Begin PBXNativeTarget section */
		5CECB7DA1BF42DCC007EBD2F /* OneStoryboard */ = {
			isa = PBXNativeTarget;
			buildConfigurationList = 5CECB8031BF42DCC007EBD2F /* Build configuration list for PBXNativeTarget "OneStoryboard" */;
			buildPhases = (
				5CECB7D71BF42DCC007EBD2F /* Sources */,
				5CECB7D81BF42DCC007EBD2F /* Frameworks */,
				5CECB7D91BF42DCC007EBD2F /* Resources */,
			);
			buildRules = (
			);
			dependencies = (
			);
			name = OneStoryboard;
			productName = OneStoryboard;
			productReference = 5CECB7DB1BF42DCC007EBD2F /* OneStoryboard.app */;
			productType = "com.apple.product-type.application";
		};
		5CECB7EE1BF42DCC007EBD2F /* OneStoryboardTests */ = {
			isa = PBXNativeTarget;
			buildConfigurationList = 5CECB8061BF42DCC007EBD2F /* Build configuration list for PBXNativeTarget "OneStoryboardTests" */;
			buildPhases = (
				5CECB7EB1BF42DCC007EBD2F /* Sources */,
				5CECB7EC1BF42DCC007EBD2F /* Frameworks */,
				5CECB7ED1BF42DCC007EBD2F /* Resources */,
			);
			buildRules = (
			);
			dependencies = (
				5CECB7F11BF42DCC007EBD2F /* PBXTargetDependency */,
			);
			name = OneStoryboardTests;
			productName = OneStoryboardTests;
			productReference = 5CECB7EF1BF42DCC007EBD2F /* OneStoryboardTests.xctest */;
			productType = "com.apple.product-type.bundle.unit-test";
		};
		5CECB7F91BF42DCC007EBD2F /* OneStoryboardUITests */ = {
			isa = PBXNativeTarget;
			buildConfigurationList = 5CECB8091BF42DCC007EBD2F /* Build configuration list for PBXNativeTarget "OneStoryboardUITests" */;
			buildPhases = (
				5CECB7F61BF42DCC007EBD2F /* Sources */,
				5CECB7F71BF42DCC007EBD2F /* Frameworks */,
				5CECB7F81BF42DCC007EBD2F /* Resources */,
			);
			buildRules = (
			);
			dependencies = (
				5CECB7FC1BF42DCC007EBD2F /* PBXTargetDependency */,
			);
			name = OneStoryboardUITests;
			productName = OneStoryboardUITests;
			productReference = 5CECB7FA1BF42DCC007EBD2F /* OneStoryboardUITests.xctest */;
			productType = "com.apple.product-type.bundle.ui-testing";
		};
/* End PBXNativeTarget section */

/* Begin PBXProject section */
		5CECB7D31BF42DCC007EBD2F /* Project object */ = {
			isa = PBXProject;
			attributes = {
				LastSwiftUpdateCheck = 0710;
				LastUpgradeCheck = 0710;
				ORGANIZATIONNAME = HHW;
				TargetAttributes = {
					5CECB7DA1BF42DCC007EBD2F = {
						CreatedOnToolsVersion = 7.1;
					};
					5CECB7EE1BF42DCC007EBD2F = {
						CreatedOnToolsVersion = 7.1;
						TestTargetID = 5CECB7DA1BF42DCC007EBD2F;
					};
					5CECB7F91BF42DCC007EBD2F = {
						CreatedOnToolsVersion = 7.1;
						TestTargetID = 5CECB7DA1BF42DCC007EBD2F;
					};
				};
			};
			buildConfigurationList = 5CECB7D61BF42DCC007EBD2F /* Build configuration list for PBXProject "OneStoryboard" */;
			compatibilityVersion = "Xcode 3.2";
			developmentRegion = English;
			hasScannedForEncodings = 0;
			knownRegions = (
				en,
				Base,
			);
			mainGroup = 5CECB7D21BF42DCC007EBD2F;
			productRefGroup = 5CECB7DC1BF42DCC007EBD2F /* Products */;
			projectDirPath = "";
			projectRoot = "";
			targets = (
				5CECB7DA1BF42DCC007EBD2F /* OneStoryboard */,
				5CECB7EE1BF42DCC007EBD2F /* OneStoryboardTests */,
				5CECB7F91BF42DCC007EBD2F /* OneStoryboardUITests */,
			);
		};
/* End PBXProject section */

/* Begin PBXResourcesBuildPhase section */
		5CECB7D91BF42DCC007EBD2F /* Resources */ = {
			isa = PBXResourcesBuildPhase;
			buildActionMask = 2147483647;
			files = (
				5CECB7E91BF42DCC007EBD2F /* LaunchScreen.storyboard in Resources */,
				5CECB7E61BF42DCC007EBD2F /* Assets.xcassets in Resources */,
				5CECB7E41BF42DCC007EBD2F /* Main.storyboard in Resources */,
			);
			runOnlyForDeploymentPostprocessing = 0;
		};
		5CECB7ED1BF42DCC007EBD2F /* Resources */ = {
			isa = PBXResourcesBuildPhase;
			buildActionMask = 2147483647;
			files = (
			);
			runOnlyForDeploymentPostprocessing = 0;
		};
		5CECB7F81BF42DCC007EBD2F /* Resources */ = {
			isa = PBXResourcesBuildPhase;
			buildActionMask = 2147483647;
			files = (
			);
			runOnlyForDeploymentPostprocessing = 0;
		};
/* End PBXResourcesBuildPhase section */

/* Begin PBXSourcesBuildPhase section */
		5CECB7D71BF42DCC007EBD2F /* Sources */ = {
			isa = PBXSourcesBuildPhase;
			buildActionMask = 2147483647;
			files = (
				5CECB7E11BF42DCC007EBD2F /* ViewController.swift in Sources */,
				5CECB7DF1BF42DCC007EBD2F /* AppDelegate.swift in Sources */,
			);
			runOnlyForDeploymentPostprocessing = 0;
		};
		5CECB7EB1BF42DCC007EBD2F /* Sources */ = {
			isa = PBXSourcesBuildPhase;
			buildActionMask = 2147483647;
			files = (
				5CECB7F41BF42DCC007EBD2F /* OneStoryboardTests.swift in Sources */,
			);
			runOnlyForDeploymentPostprocessing = 0;
		};
		5CECB7F61BF42DCC007EBD2F /* Sources */ = {
			isa = PBXSourcesBuildPhase;
			buildActionMask = 2147483647;
			files = (
				5CECB7FF1BF42DCC007EBD2F /* OneStoryboardUITests.swift in Sources */,
			);
			runOnlyForDeploymentPostprocessing = 0;
		};
/* End PBXSourcesBuildPhase section */

/* Begin PBXTargetDependency section */
		5CECB7F11BF42DCC007EBD2F /* PBXTargetDependency */ = {
			isa = PBXTargetDependency;
			target = 5CECB7DA1BF42DCC007EBD2F /* OneStoryboard */;
			targetProxy = 5CECB7F01BF42DCC007EBD2F /* PBXContainerItemProxy */;
		};
		5CECB7FC1BF42DCC007EBD2F /* PBXTargetDependency */ = {
			isa = PBXTargetDependency;
			target = 5CECB7DA1BF42DCC007EBD2F /* OneStoryboard */;
			targetProxy = 5CECB7FB1BF42DCC007EBD2F /* PBXContainerItemProxy */;
		};
/* End PBXTargetDependency section */

/* Begin PBXVariantGroup section */
		5CECB7E21BF42DCC007EBD2F /* Main.storyboard */ = {
			isa = PBXVariantGroup;
			children = (
				5CECB7E31BF42DCC007EBD2F /* Base */,
			);
			name = Main.storyboard;
			sourceTree = "<group>";
		};
		5CECB7E71BF42DCC007EBD2F /* LaunchScreen.storyboard */ = {
			isa = PBXVariantGroup;
			children = (
				5CECB7E81BF42DCC007EBD2F /* Base */,
			);
			name = LaunchScreen.storyboard;
			sourceTree = "<group>";
		};
/* End PBXVariantGroup section */

/* Begin XCBuildConfiguration section */
		5CECB8011BF42DCC007EBD2F /* Debug */ = {
			isa = XCBuildConfiguration;
			buildSettings = {
				ALWAYS_SEARCH_USER_PATHS = NO;
				CLANG_CXX_LANGUAGE_STANDARD = "gnu++0x";
				CLANG_CXX_LIBRARY = "libc++";
				CLANG_ENABLE_MODULES = YES;
				CLANG_ENABLE_OBJC_ARC = YES;
				CLANG_WARN_BOOL_CONVERSION = YES;
				CLANG_WARN_CONSTANT_CONVERSION = YES;
				CLANG_WARN_DIRECT_OBJC_ISA_USAGE = YES_ERROR;
				CLANG_WARN_EMPTY_BODY = YES;
				CLANG_WARN_ENUM_CONVERSION = YES;
				CLANG_WARN_INT_CONVERSION = YES;
				CLANG_WARN_OBJC_ROOT_CLASS = YES_ERROR;
				CLANG_WARN_UNREACHABLE_CODE = YES;
				CLANG_WARN__DUPLICATE_METHOD_MATCH = YES;
				"CODE_SIGN_IDENTITY[sdk=iphoneos*]" = "iPhone Developer";
				COPY_PHASE_STRIP = NO;
				DEBUG_INFORMATION_FORMAT = dwarf;
				ENABLE_STRICT_OBJC_MSGSEND = YES;
				ENABLE_TESTABILITY = YES;
				GCC_C_LANGUAGE_STANDARD = gnu99;
				GCC_DYNAMIC_NO_PIC = NO;
				GCC_NO_COMMON_BLOCKS = YES;
				GCC_OPTIMIZATION_LEVEL = 0;
				GCC_PREPROCESSOR_DEFINITIONS = (
					"DEBUG=1",
					"$(inherited)",
				);
				GCC_WARN_64_TO_32_BIT_CONVERSION = YES;
				GCC_WARN_ABOUT_RETURN_TYPE = YES_ERROR;
				GCC_WARN_UNDECLARED_SELECTOR = YES;
				GCC_WARN_UNINITIALIZED_AUTOS = YES_AGGRESSIVE;
				GCC_WARN_UNUSED_FUNCTION = YES;
				GCC_WARN_UNUSED_VARIABLE = YES;
				IPHONEOS_DEPLOYMENT_TARGET = 9.1;
				MTL_ENABLE_DEBUG_INFO = YES;
				ONLY_ACTIVE_ARCH = YES;
				SDKROOT = iphoneos;
				SWIFT_OPTIMIZATION_LEVEL = "-Onone";
				TARGETED_DEVICE_FAMILY = "1,2";
			};
			name = Debug;
		};
		5CECB8021BF42DCC007EBD2F /* Release */ = {
			isa = XCBuildConfiguration;
			buildSettings = {
				ALWAYS_SEARCH_USER_PATHS = NO;
				CLANG_CXX_LANGUAGE_STANDARD = "gnu++0x";
				CLANG_CXX_LIBRARY = "libc++";
				CLANG_ENABLE_MODULES = YES;
				CLANG_ENABLE_OBJC_ARC = YES;
				CLANG_WARN_BOOL_CONVERSION = YES;
				CLANG_WARN_CONSTANT_CONVERSION = YES;
				CLANG_WARN_DIRECT_OBJC_ISA_USAGE = YES_ERROR;
				CLANG_WARN_EMPTY_BODY = YES;
				CLANG_WARN_ENUM_CONVERSION = YES;
				CLANG_WARN_INT_CONVERSION = YES;
				CLANG_WARN_OBJC_ROOT_CLASS = YES_ERROR;
				CLANG_WARN_UNREACHABLE_CODE = YES;
				CLANG_WARN__DUPLICATE_METHOD_MATCH = YES;
				"CODE_SIGN_IDENTITY[sdk=iphoneos*]" = "iPhone Developer";
				COPY_PHASE_STRIP = NO;
				DEBUG_INFORMATION_FORMAT = "dwarf-with-dsym";
				ENABLE_NS_ASSERTIONS = NO;
				ENABLE_STRICT_OBJC_MSGSEND = YES;
				GCC_C_LANGUAGE_STANDARD = gnu99;
				GCC_NO_COMMON_BLOCKS = YES;
				GCC_WARN_64_TO_32_BIT_CONVERSION = YES;
				GCC_WARN_ABOUT_RETURN_TYPE = YES_ERROR;
				GCC_WARN_UNDECLARED_SELECTOR = YES;
				GCC_WARN_UNINITIALIZED_AUTOS = YES_AGGRESSIVE;
				GCC_WARN_UNUSED_FUNCTION = YES;
				GCC_WARN_UNUSED_VARIABLE = YES;
				IPHONEOS_DEPLOYMENT_TARGET = 9.1;
				MTL_ENABLE_DEBUG_INFO = NO;
				SDKROOT = iphoneos;
				TARGETED_DEVICE_FAMILY = "1,2";
				VALIDATE_PRODUCT = YES;
			};
			name = Release;
		};
		5CECB8041BF42DCC007EBD2F /* Debug */ = {
			isa = XCBuildConfiguration;
			buildSettings = {
				ASSETCATALOG_COMPILER_APPICON_NAME = AppIcon;
				INFOPLIST_FILE = OneStoryboard/Info.plist;
				LD_RUNPATH_SEARCH_PATHS = "$(inherited) @executable_path/Frameworks";
				PRODUCT_BUNDLE_IDENTIFIER = com.51testing.OneStoryboard;
				PRODUCT_NAME = "$(TARGET_NAME)";
			};
			name = Debug;
		};
		5CECB8051BF42DCC007EBD2F /* Release */ = {
			isa = XCBuildConfiguration;
			buildSettings = {
				ASSETCATALOG_COMPILER_APPICON_NAME = AppIcon;
				INFOPLIST_FILE = OneStoryboard/Info.plist;
				LD_RUNPATH_SEARCH_PATHS = "$(inherited) @executable_path/Frameworks";
				PRODUCT_BUNDLE_IDENTIFIER = com.51testing.OneStoryboard;
				PRODUCT_NAME = "$(TARGET_NAME)";
			};
			name = Release;
		};
		5CECB8071BF42DCC007EBD2F /* Debug */ = {
			isa = XCBuildConfiguration;
			buildSettings = {
				BUNDLE_LOADER = "$(TEST_HOST)";
				INFOPLIST_FILE = OneStoryboardTests/Info.plist;
				LD_RUNPATH_SEARCH_PATHS = "$(inherited) @executable_path/Frameworks @loader_path/Frameworks";
				PRODUCT_BUNDLE_IDENTIFIER = com.51testing.OneStoryboardTests;
				PRODUCT_NAME = "$(TARGET_NAME)";
				TEST_HOST = "$(BUILT_PRODUCTS_DIR)/OneStoryboard.app/OneStoryboard";
			};
			name = Debug;
		};
		5CECB8081BF42DCC007EBD2F /* Release */ = {
			isa = XCBuildConfiguration;
			buildSettings = {
				BUNDLE_LOADER = "$(TEST_HOST)";
				INFOPLIST_FILE = OneStoryboardTests/Info.plist;
				LD_RUNPATH_SEARCH_PATHS = "$(inherited) @executable_path/Frameworks @loader_path/Frameworks";
				PRODUCT_BUNDLE_IDENTIFIER = com.51testing.OneStoryboardTests;
				PRODUCT_NAME = "$(TARGET_NAME)";
				TEST_HOST = "$(BUILT_PRODUCTS_DIR)/OneStoryboard.app/OneStoryboard";
			};
			name = Release;
		};
		5CECB80A1BF42DCC007EBD2F /* Debug */ = {
			isa = XCBuildConfiguration;
			buildSettings = {
				INFOPLIST_FILE = OneStoryboardUITests/Info.plist;
				LD_RUNPATH_SEARCH_PATHS = "$(inherited) @executable_path/Frameworks @loader_path/Frameworks";
				PRODUCT_BUNDLE_IDENTIFIER = com.51testing.OneStoryboardUITests;
				PRODUCT_NAME = "$(TARGET_NAME)";
				TEST_TARGET_NAME = OneStoryboard;
				USES_XCTRUNNER = YES;
			};
			name = Debug;
		};
		5CECB80B1BF42DCC007EBD2F /* Release */ = {
			isa = XCBuildConfiguration;
			buildSettings = {
				INFOPLIST_FILE = OneStoryboardUITests/Info.plist;
				LD_RUNPATH_SEARCH_PATHS = "$(inherited) @executable_path/Frameworks @loader_path/Frameworks";
				PRODUCT_BUNDLE_IDENTIFIER = com.51testing.OneStoryboardUITests;
				PRODUCT_NAME = "$(TARGET_NAME)";
				TEST_TARGET_NAME = OneStoryboard;
				USES_XCTRUNNER = YES;
			};
			name = Release;
		};
/* End XCBuildConfiguration section */

/* Begin XCConfigurationList section */
		5CECB7D61BF42DCC007EBD2F /* Build configuration list for PBXProject "OneStoryboard" */ = {
			isa = XCConfigurationList;
			buildConfigurations = (
				5CECB8011BF42DCC007EBD2F /* Debug */,
				5CECB8021BF42DCC007EBD2F /* Release */,
			);
			defaultConfigurationIsVisible = 0;
			defaultConfigurationName = Release;
		};
		5CECB8031BF42DCC007EBD2F /* Build configuration list for PBXNativeTarget "OneStoryboard" */ = {
			isa = XCConfigurationList;
			buildConfigurations = (
				5CECB8041BF42DCC007EBD2F /* Debug */,
				5CECB8051BF42DCC007EBD2F /* Release */,
			);
			defaultConfigurationIsVisible = 0;
		};
		5CECB8061BF42DCC007EBD2F /* Build configuration list for PBXNativeTarget "OneStoryboardTests" */ = {
			isa = XCConfigurationList;
			buildConfigurations = (
				5CECB8071BF42DCC007EBD2F /* Debug */,
				5CECB8081BF42DCC007EBD2F /* Release */,
			);
			defaultConfigurationIsVisible = 0;
		};
		5CECB8091BF42DCC007EBD2F /* Build configuration list for PBXNativeTarget "OneStoryboardUITests" */ = {
			isa = XCConfigurationList;
			buildConfigurations = (
				5CECB80A1BF42DCC007EBD2F /* Debug */,
				5CECB80B1BF42DCC007EBD2F /* Release */,
			);
			defaultConfigurationIsVisible = 0;
		};
/* End XCConfigurationList section */
	};
	rootObject = 5CECB7D31BF42DCC007EBD2F /* Project object */;
}
