// !$*UTF8*$!
{
	archiveVersion = 1;
	classes = {
	};
	objectVersion = 46;
	objects = {

/* Begin PBXBuildFile section */
		5CE83EFE1BF2D9D5004B2330 /* AppDelegate.swift in Sources */ = {isa = PBXBuildFile; fileRef = 5CE83EFD1BF2D9D5004B2330 /* AppDelegate.swift */; };
		5CE83F001BF2D9D5004B2330 /* ViewController.swift in Sources */ = {isa = PBXBuildFile; fileRef = 5CE83EFF1BF2D9D5004B2330 /* ViewController.swift */; };
		5CE83F031BF2D9D5004B2330 /* Main.storyboard in Resources */ = {isa = PBXBuildFile; fileRef = 5CE83F011BF2D9D5004B2330 /* Main.storyboard */; };
		5CE83F051BF2D9D5004B2330 /* Assets.xcassets in Resources */ = {isa = PBXBuildFile; fileRef = 5CE83F041BF2D9D5004B2330 /* Assets.xcassets */; };
		5CE83F081BF2D9D5004B2330 /* LaunchScreen.storyboard in Resources */ = {isa = PBXBuildFile; fileRef = 5CE83F061BF2D9D5004B2330 /* LaunchScreen.storyboard */; };
		5CE83F131BF2D9D5004B2330 /* iOS9_CoreSpotlightTests.swift in Sources */ = {isa = PBXBuildFile; fileRef = 5CE83F121BF2D9D5004B2330 /* iOS9_CoreSpotlightTests.swift */; };
		5CE83F1E1BF2D9D5004B2330 /* iOS9_CoreSpotlightUITests.swift in Sources */ = {isa = PBXBuildFile; fileRef = 5CE83F1D1BF2D9D5004B2330 /* iOS9_CoreSpotlightUITests.swift */; };
		5CE83F2E1BF2ECAB004B2330 /* ListTableViewController.swift in Sources */ = {isa = PBXBuildFile; fileRef = 5CE83F2D1BF2ECAB004B2330 /* ListTableViewController.swift */; };
		5CE83F321BF2F0A2004B2330 /* DataSource.swift in Sources */ = {isa = PBXBuildFile; fileRef = 5CE83F311BF2F0A2004B2330 /* DataSource.swift */; };
		5CE83F341BF2F0D2004B2330 /* PersonModel.swift in Sources */ = {isa = PBXBuildFile; fileRef = 5CE83F331BF2F0D2004B2330 /* PersonModel.swift */; };
/* End PBXBuildFile section */

/* Begin PBXContainerItemProxy section */
		5CE83F0F1BF2D9D5004B2330 /* PBXContainerItemProxy */ = {
			isa = PBXContainerItemProxy;
			containerPortal = 5CE83EF21BF2D9D5004B2330 /* Project object */;
			proxyType = 1;
			remoteGlobalIDString = 5CE83EF91BF2D9D5004B2330;
			remoteInfo = "iOS9-CoreSpotlight";
		};
		5CE83F1A1BF2D9D5004B2330 /* PBXContainerItemProxy */ = {
			isa = PBXContainerItemProxy;
			containerPortal = 5CE83EF21BF2D9D5004B2330 /* Project object */;
			proxyType = 1;
			remoteGlobalIDString = 5CE83EF91BF2D9D5004B2330;
			remoteInfo = "iOS9-CoreSpotlight";
		};
/* End PBXContainerItemProxy section */

/* Begin PBXFileReference section */
		5CE83EFA1BF2D9D5004B2330 /* iOS9-CoreSpotlight.app */ = {isa = PBXFileReference; explicitFileType = wrapper.application; includeInIndex = 0; path = "iOS9-CoreSpotlight.app"; sourceTree = BUILT_PRODUCTS_DIR; };
		5CE83EFD1BF2D9D5004B2330 /* AppDelegate.swift */ = {isa = PBXFileReference; lastKnownFileType = sourcecode.swift; path = AppDelegate.swift; sourceTree = "<group>"; };
		5CE83EFF1BF2D9D5004B2330 /* ViewController.swift */ = {isa = PBXFileReference; lastKnownFileType = sourcecode.swift; path = ViewController.swift; sourceTree = "<group>"; };
		5CE83F021BF2D9D5004B2330 /* Base */ = {isa = PBXFileReference; lastKnownFileType = file.storyboard; name = Base; path = Base.lproj/Main.storyboard; sourceTree = "<group>"; };
		5CE83F041BF2D9D5004B2330 /* Assets.xcassets */ = {isa = PBXFileReference; lastKnownFileType = folder.assetcatalog; path = Assets.xcassets; sourceTree = "<group>"; };
		5CE83F071BF2D9D5004B2330 /* Base */ = {isa = PBXFileReference; lastKnownFileType = file.storyboard; name = Base; path = Base.lproj/LaunchScreen.storyboard; sourceTree = "<group>"; };
		5CE83F091BF2D9D5004B2330 /* Info.plist */ = {isa = PBXFileReference; lastKnownFileType = text.plist.xml; path = Info.plist; sourceTree = "<group>"; };
		5CE83F0E1BF2D9D5004B2330 /* iOS9-CoreSpotlightTests.xctest */ = {isa = PBXFileReference; explicitFileType = wrapper.cfbundle; includeInIndex = 0; path = "iOS9-CoreSpotlightTests.xctest"; sourceTree = BUILT_PRODUCTS_DIR; };
		5CE83F121BF2D9D5004B2330 /* iOS9_CoreSpotlightTests.swift */ = {isa = PBXFileReference; lastKnownFileType = sourcecode.swift; path = iOS9_CoreSpotlightTests.swift; sourceTree = "<group>"; };
		5CE83F141BF2D9D5004B2330 /* Info.plist */ = {isa = PBXFileReference; lastKnownFileType = text.plist.xml; path = Info.plist; sourceTree = "<group>"; };
		5CE83F191BF2D9D5004B2330 /* iOS9-CoreSpotlightUITests.xctest */ = {isa = PBXFileReference; explicitFileType = wrapper.cfbundle; includeInIndex = 0; path = "iOS9-CoreSpotlightUITests.xctest"; sourceTree = BUILT_PRODUCTS_DIR; };
		5CE83F1D1BF2D9D5004B2330 /* iOS9_CoreSpotlightUITests.swift */ = {isa = PBXFileReference; lastKnownFileType = sourcecode.swift; path = iOS9_CoreSpotlightUITests.swift; sourceTree = "<group>"; };
		5CE83F1F1BF2D9D5004B2330 /* Info.plist */ = {isa = PBXFileReference; lastKnownFileType = text.plist.xml; path = Info.plist; sourceTree = "<group>"; };
		5CE83F2D1BF2ECAB004B2330 /* ListTableViewController.swift */ = {isa = PBXFileReference; fileEncoding = 4; lastKnownFileType = sourcecode.swift; path = ListTableViewController.swift; sourceTree = "<group>"; };
		5CE83F311BF2F0A2004B2330 /* DataSource.swift */ = {isa = PBXFileReference; fileEncoding = 4; lastKnownFileType = sourcecode.swift; path = DataSource.swift; sourceTree = "<group>"; };
		5CE83F331BF2F0D2004B2330 /* PersonModel.swift */ = {isa = PBXFileReference; fileEncoding = 4; lastKnownFileType = sourcecode.swift; path = PersonModel.swift; sourceTree = "<group>"; };
/* End PBXFileReference section */

/* Begin PBXFrameworksBuildPhase section */
		5CE83EF71BF2D9D5004B2330 /* Frameworks */ = {
			isa = PBXFrameworksBuildPhase;
			buildActionMask = 2147483647;
			files = (
			);
			runOnlyForDeploymentPostprocessing = 0;
		};
		5CE83F0B1BF2D9D5004B2330 /* Frameworks */ = {
			isa = PBXFrameworksBuildPhase;
			buildActionMask = 2147483647;
			files = (
			);
			runOnlyForDeploymentPostprocessing = 0;
		};
		5CE83F161BF2D9D5004B2330 /* Frameworks */ = {
			isa = PBXFrameworksBuildPhase;
			buildActionMask = 2147483647;
			files = (
			);
			runOnlyForDeploymentPostprocessing = 0;
		};
/* End PBXFrameworksBuildPhase section */

/* Begin PBXGroup section */
		5CE83EF11BF2D9D5004B2330 = {
			isa = PBXGroup;
			children = (
				5CE83EFC1BF2D9D5004B2330 /* iOS9-CoreSpotlight */,
				5CE83F111BF2D9D5004B2330 /* iOS9-CoreSpotlightTests */,
				5CE83F1C1BF2D9D5004B2330 /* iOS9-CoreSpotlightUITests */,
				5CE83EFB1BF2D9D5004B2330 /* Products */,
			);
			sourceTree = "<group>";
		};
		5CE83EFB1BF2D9D5004B2330 /* Products */ = {
			isa = PBXGroup;
			children = (
				5CE83EFA1BF2D9D5004B2330 /* iOS9-CoreSpotlight.app */,
				5CE83F0E1BF2D9D5004B2330 /* iOS9-CoreSpotlightTests.xctest */,
				5CE83F191BF2D9D5004B2330 /* iOS9-CoreSpotlightUITests.xctest */,
			);
			name = Products;
			sourceTree = "<group>";
		};
		5CE83EFC1BF2D9D5004B2330 /* iOS9-CoreSpotlight */ = {
			isa = PBXGroup;
			children = (
				5CE83EFD1BF2D9D5004B2330 /* AppDelegate.swift */,
				5CE83F2D1BF2ECAB004B2330 /* ListTableViewController.swift */,
				5CE83EFF1BF2D9D5004B2330 /* ViewController.swift */,
				5CE83F311BF2F0A2004B2330 /* DataSource.swift */,
				5CE83F331BF2F0D2004B2330 /* PersonModel.swift */,
				5CE83F011BF2D9D5004B2330 /* Main.storyboard */,
				5CE83F041BF2D9D5004B2330 /* Assets.xcassets */,
				5CE83F061BF2D9D5004B2330 /* LaunchScreen.storyboard */,
				5CE83F091BF2D9D5004B2330 /* Info.plist */,
			);
			path = "iOS9-CoreSpotlight";
			sourceTree = "<group>";
		};
		5CE83F111BF2D9D5004B2330 /* iOS9-CoreSpotlightTests */ = {
			isa = PBXGroup;
			children = (
				5CE83F121BF2D9D5004B2330 /* iOS9_CoreSpotlightTests.swift */,
				5CE83F141BF2D9D5004B2330 /* Info.plist */,
			);
			path = "iOS9-CoreSpotlightTests";
			sourceTree = "<group>";
		};
		5CE83F1C1BF2D9D5004B2330 /* iOS9-CoreSpotlightUITests */ = {
			isa = PBXGroup;
			children = (
				5CE83F1D1BF2D9D5004B2330 /* iOS9_CoreSpotlightUITests.swift */,
				5CE83F1F1BF2D9D5004B2330 /* Info.plist */,
			);
			path = "iOS9-CoreSpotlightUITests";
			sourceTree = "<group>";
		};
/* End PBXGroup section */

/* Begin PBXNativeTarget section */
		5CE83EF91BF2D9D5004B2330 /* iOS9-CoreSpotlight */ = {
			isa = PBXNativeTarget;
			buildConfigurationList = 5CE83F221BF2D9D5004B2330 /* Build configuration list for PBXNativeTarget "iOS9-CoreSpotlight" */;
			buildPhases = (
				5CE83EF61BF2D9D5004B2330 /* Sources */,
				5CE83EF71BF2D9D5004B2330 /* Frameworks */,
				5CE83EF81BF2D9D5004B2330 /* Resources */,
			);
			buildRules = (
			);
			dependencies = (
			);
			name = "iOS9-CoreSpotlight";
			productName = "iOS9-CoreSpotlight";
			productReference = 5CE83EFA1BF2D9D5004B2330 /* iOS9-CoreSpotlight.app */;
			productType = "com.apple.product-type.application";
		};
		5CE83F0D1BF2D9D5004B2330 /* iOS9-CoreSpotlightTests */ = {
			isa = PBXNativeTarget;
			buildConfigurationList = 5CE83F251BF2D9D5004B2330 /* Build configuration list for PBXNativeTarget "iOS9-CoreSpotlightTests" */;
			buildPhases = (
				5CE83F0A1BF2D9D5004B2330 /* Sources */,
				5CE83F0B1BF2D9D5004B2330 /* Frameworks */,
				5CE83F0C1BF2D9D5004B2330 /* Resources */,
			);
			buildRules = (
			);
			dependencies = (
				5CE83F101BF2D9D5004B2330 /* PBXTargetDependency */,
			);
			name = "iOS9-CoreSpotlightTests";
			productName = "iOS9-CoreSpotlightTests";
			productReference = 5CE83F0E1BF2D9D5004B2330 /* iOS9-CoreSpotlightTests.xctest */;
			productType = "com.apple.product-type.bundle.unit-test";
		};
		5CE83F181BF2D9D5004B2330 /* iOS9-CoreSpotlightUITests */ = {
			isa = PBXNativeTarget;
			buildConfigurationList = 5CE83F281BF2D9D5004B2330 /* Build configuration list for PBXNativeTarget "iOS9-CoreSpotlightUITests" */;
			buildPhases = (
				5CE83F151BF2D9D5004B2330 /* Sources */,
				5CE83F161BF2D9D5004B2330 /* Frameworks */,
				5CE83F171BF2D9D5004B2330 /* Resources */,
			);
			buildRules = (
			);
			dependencies = (
				5CE83F1B1BF2D9D5004B2330 /* PBXTargetDependency */,
			);
			name = "iOS9-CoreSpotlightUITests";
			productName = "iOS9-CoreSpotlightUITests";
			productReference = 5CE83F191BF2D9D5004B2330 /* iOS9-CoreSpotlightUITests.xctest */;
			productType = "com.apple.product-type.bundle.ui-testing";
		};
/* End PBXNativeTarget section */

/* Begin PBXProject section */
		5CE83EF21BF2D9D5004B2330 /* Project object */ = {
			isa = PBXProject;
			attributes = {
				LastSwiftUpdateCheck = 0710;
				LastUpgradeCheck = 0710;
				ORGANIZATIONNAME = HHW;
				TargetAttributes = {
					5CE83EF91BF2D9D5004B2330 = {
						CreatedOnToolsVersion = 7.1;
					};
					5CE83F0D1BF2D9D5004B2330 = {
						CreatedOnToolsVersion = 7.1;
						TestTargetID = 5CE83EF91BF2D9D5004B2330;
					};
					5CE83F181BF2D9D5004B2330 = {
						CreatedOnToolsVersion = 7.1;
						TestTargetID = 5CE83EF91BF2D9D5004B2330;
					};
				};
			};
			buildConfigurationList = 5CE83EF51BF2D9D5004B2330 /* Build configuration list for PBXProject "iOS9-CoreSpotlight" */;
			compatibilityVersion = "Xcode 3.2";
			developmentRegion = English;
			hasScannedForEncodings = 0;
			knownRegions = (
				en,
				Base,
			);
			mainGroup = 5CE83EF11BF2D9D5004B2330;
			productRefGroup = 5CE83EFB1BF2D9D5004B2330 /* Products */;
			projectDirPath = "";
			projectRoot = "";
			targets = (
				5CE83EF91BF2D9D5004B2330 /* iOS9-CoreSpotlight */,
				5CE83F0D1BF2D9D5004B2330 /* iOS9-CoreSpotlightTests */,
				5CE83F181BF2D9D5004B2330 /* iOS9-CoreSpotlightUITests */,
			);
		};
/* End PBXProject section */

/* Begin PBXResourcesBuildPhase section */
		5CE83EF81BF2D9D5004B2330 /* Resources */ = {
			isa = PBXResourcesBuildPhase;
			buildActionMask = 2147483647;
			files = (
				5CE83F081BF2D9D5004B2330 /* LaunchScreen.storyboard in Resources */,
				5CE83F051BF2D9D5004B2330 /* Assets.xcassets in Resources */,
				5CE83F031BF2D9D5004B2330 /* Main.storyboard in Resources */,
			);
			runOnlyForDeploymentPostprocessing = 0;
		};
		5CE83F0C1BF2D9D5004B2330 /* Resources */ = {
			isa = PBXResourcesBuildPhase;
			buildActionMask = 2147483647;
			files = (
			);
			runOnlyForDeploymentPostprocessing = 0;
		};
		5CE83F171BF2D9D5004B2330 /* Resources */ = {
			isa = PBXResourcesBuildPhase;
			buildActionMask = 2147483647;
			files = (
			);
			runOnlyForDeploymentPostprocessing = 0;
		};
/* End PBXResourcesBuildPhase section */

/* Begin PBXSourcesBuildPhase section */
		5CE83EF61BF2D9D5004B2330 /* Sources */ = {
			isa = PBXSourcesBuildPhase;
			buildActionMask = 2147483647;
			files = (
				5CE83F2E1BF2ECAB004B2330 /* ListTableViewController.swift in Sources */,
				5CE83F001BF2D9D5004B2330 /* ViewController.swift in Sources */,
				5CE83F341BF2F0D2004B2330 /* PersonModel.swift in Sources */,
				5CE83F321BF2F0A2004B2330 /* DataSource.swift in Sources */,
				5CE83EFE1BF2D9D5004B2330 /* AppDelegate.swift in Sources */,
			);
			runOnlyForDeploymentPostprocessing = 0;
		};
		5CE83F0A1BF2D9D5004B2330 /* Sources */ = {
			isa = PBXSourcesBuildPhase;
			buildActionMask = 2147483647;
			files = (
				5CE83F131BF2D9D5004B2330 /* iOS9_CoreSpotlightTests.swift in Sources */,
			);
			runOnlyForDeploymentPostprocessing = 0;
		};
		5CE83F151BF2D9D5004B2330 /* Sources */ = {
			isa = PBXSourcesBuildPhase;
			buildActionMask = 2147483647;
			files = (
				5CE83F1E1BF2D9D5004B2330 /* iOS9_CoreSpotlightUITests.swift in Sources */,
			);
			runOnlyForDeploymentPostprocessing = 0;
		};
/* End PBXSourcesBuildPhase section */

/* Begin PBXTargetDependency section */
		5CE83F101BF2D9D5004B2330 /* PBXTargetDependency */ = {
			isa = PBXTargetDependency;
			target = 5CE83EF91BF2D9D5004B2330 /* iOS9-CoreSpotlight */;
			targetProxy = 5CE83F0F1BF2D9D5004B2330 /* PBXContainerItemProxy */;
		};
		5CE83F1B1BF2D9D5004B2330 /* PBXTargetDependency */ = {
			isa = PBXTargetDependency;
			target = 5CE83EF91BF2D9D5004B2330 /* iOS9-CoreSpotlight */;
			targetProxy = 5CE83F1A1BF2D9D5004B2330 /* PBXContainerItemProxy */;
		};
/* End PBXTargetDependency section */

/* Begin PBXVariantGroup section */
		5CE83F011BF2D9D5004B2330 /* Main.storyboard */ = {
			isa = PBXVariantGroup;
			children = (
				5CE83F021BF2D9D5004B2330 /* Base */,
			);
			name = Main.storyboard;
			sourceTree = "<group>";
		};
		5CE83F061BF2D9D5004B2330 /* LaunchScreen.storyboard */ = {
			isa = PBXVariantGroup;
			children = (
				5CE83F071BF2D9D5004B2330 /* Base */,
			);
			name = LaunchScreen.storyboard;
			sourceTree = "<group>";
		};
/* End PBXVariantGroup section */

/* Begin XCBuildConfiguration section */
		5CE83F201BF2D9D5004B2330 /* Debug */ = {
			isa = XCBuildConfiguration;
			buildSettings = {
				ALWAYS_SEARCH_USER_PATHS = NO;
				CLANG_CXX_LANGUAGE_STANDARD = "gnu++0x";
				CLANG_CXX_LIBRARY = "libc++";
				CLANG_ENABLE_MODULES = YES;
				CLANG_ENABLE_OBJC_ARC = YES;
				CLANG_WARN_BOOL_CONVERSION = YES;
				CLANG_WARN_CONSTANT_CONVERSION = YES;
				CLANG_WARN_DIRECT_OBJC_ISA_USAGE = YES_ERROR;
				CLANG_WARN_EMPTY_BODY = YES;
				CLANG_WARN_ENUM_CONVERSION = YES;
				CLANG_WARN_INT_CONVERSION = YES;
				CLANG_WARN_OBJC_ROOT_CLASS = YES_ERROR;
				CLANG_WARN_UNREACHABLE_CODE = YES;
				CLANG_WARN__DUPLICATE_METHOD_MATCH = YES;
				"CODE_SIGN_IDENTITY[sdk=iphoneos*]" = "iPhone Developer";
				COPY_PHASE_STRIP = NO;
				DEBUG_INFORMATION_FORMAT = dwarf;
				ENABLE_STRICT_OBJC_MSGSEND = YES;
				ENABLE_TESTABILITY = YES;
				GCC_C_LANGUAGE_STANDARD = gnu99;
				GCC_DYNAMIC_NO_PIC = NO;
				GCC_NO_COMMON_BLOCKS = YES;
				GCC_OPTIMIZATION_LEVEL = 0;
				GCC_PREPROCESSOR_DEFINITIONS = (
					"DEBUG=1",
					"$(inherited)",
				);
				GCC_WARN_64_TO_32_BIT_CONVERSION = YES;
				GCC_WARN_ABOUT_RETURN_TYPE = YES_ERROR;
				GCC_WARN_UNDECLARED_SELECTOR = YES;
				GCC_WARN_UNINITIALIZED_AUTOS = YES_AGGRESSIVE;
				GCC_WARN_UNUSED_FUNCTION = YES;
				GCC_WARN_UNUSED_VARIABLE = YES;
				IPHONEOS_DEPLOYMENT_TARGET = 9.1;
				MTL_ENABLE_DEBUG_INFO = YES;
				ONLY_ACTIVE_ARCH = YES;
				SDKROOT = iphoneos;
				SWIFT_OPTIMIZATION_LEVEL = "-Onone";
				TARGETED_DEVICE_FAMILY = "1,2";
			};
			name = Debug;
		};
		5CE83F211BF2D9D5004B2330 /* Release */ = {
			isa = XCBuildConfiguration;
			buildSettings = {
				ALWAYS_SEARCH_USER_PATHS = NO;
				CLANG_CXX_LANGUAGE_STANDARD = "gnu++0x";
				CLANG_CXX_LIBRARY = "libc++";
				CLANG_ENABLE_MODULES = YES;
				CLANG_ENABLE_OBJC_ARC = YES;
				CLANG_WARN_BOOL_CONVERSION = YES;
				CLANG_WARN_CONSTANT_CONVERSION = YES;
				CLANG_WARN_DIRECT_OBJC_ISA_USAGE = YES_ERROR;
				CLANG_WARN_EMPTY_BODY = YES;
				CLANG_WARN_ENUM_CONVERSION = YES;
				CLANG_WARN_INT_CONVERSION = YES;
				CLANG_WARN_OBJC_ROOT_CLASS = YES_ERROR;
				CLANG_WARN_UNREACHABLE_CODE = YES;
				CLANG_WARN__DUPLICATE_METHOD_MATCH = YES;
				"CODE_SIGN_IDENTITY[sdk=iphoneos*]" = "iPhone Developer";
				COPY_PHASE_STRIP = NO;
				DEBUG_INFORMATION_FORMAT = "dwarf-with-dsym";
				ENABLE_NS_ASSERTIONS = NO;
				ENABLE_STRICT_OBJC_MSGSEND = YES;
				GCC_C_LANGUAGE_STANDARD = gnu99;
				GCC_NO_COMMON_BLOCKS = YES;
				GCC_WARN_64_TO_32_BIT_CONVERSION = YES;
				GCC_WARN_ABOUT_RETURN_TYPE = YES_ERROR;
				GCC_WARN_UNDECLARED_SELECTOR = YES;
				GCC_WARN_UNINITIALIZED_AUTOS = YES_AGGRESSIVE;
				GCC_WARN_UNUSED_FUNCTION = YES;
				GCC_WARN_UNUSED_VARIABLE = YES;
				IPHONEOS_DEPLOYMENT_TARGET = 9.1;
				MTL_ENABLE_DEBUG_INFO = NO;
				SDKROOT = iphoneos;
				TARGETED_DEVICE_FAMILY = "1,2";
				VALIDATE_PRODUCT = YES;
			};
			name = Release;
		};
		5CE83F231BF2D9D5004B2330 /* Debug */ = {
			isa = XCBuildConfiguration;
			buildSettings = {
				ASSETCATALOG_COMPILER_APPICON_NAME = AppIcon;
				INFOPLIST_FILE = "iOS9-CoreSpotlight/Info.plist";
				LD_RUNPATH_SEARCH_PATHS = "$(inherited) @executable_path/Frameworks";
				PRODUCT_BUNDLE_IDENTIFIER = "com.51testing.iOS9-CoreSpotlight";
				PRODUCT_NAME = "$(TARGET_NAME)";
			};
			name = Debug;
		};
		5CE83F241BF2D9D5004B2330 /* Release */ = {
			isa = XCBuildConfiguration;
			buildSettings = {
				ASSETCATALOG_COMPILER_APPICON_NAME = AppIcon;
				INFOPLIST_FILE = "iOS9-CoreSpotlight/Info.plist";
				LD_RUNPATH_SEARCH_PATHS = "$(inherited) @executable_path/Frameworks";
				PRODUCT_BUNDLE_IDENTIFIER = "com.51testing.iOS9-CoreSpotlight";
				PRODUCT_NAME = "$(TARGET_NAME)";
			};
			name = Release;
		};
		5CE83F261BF2D9D5004B2330 /* Debug */ = {
			isa = XCBuildConfiguration;
			buildSettings = {
				BUNDLE_LOADER = "$(TEST_HOST)";
				INFOPLIST_FILE = "iOS9-CoreSpotlightTests/Info.plist";
				LD_RUNPATH_SEARCH_PATHS = "$(inherited) @executable_path/Frameworks @loader_path/Frameworks";
				PRODUCT_BUNDLE_IDENTIFIER = "com.51testing.iOS9-CoreSpotlightTests";
				PRODUCT_NAME = "$(TARGET_NAME)";
				TEST_HOST = "$(BUILT_PRODUCTS_DIR)/iOS9-CoreSpotlight.app/iOS9-CoreSpotlight";
			};
			name = Debug;
		};
		5CE83F271BF2D9D5004B2330 /* Release */ = {
			isa = XCBuildConfiguration;
			buildSettings = {
				BUNDLE_LOADER = "$(TEST_HOST)";
				INFOPLIST_FILE = "iOS9-CoreSpotlightTests/Info.plist";
				LD_RUNPATH_SEARCH_PATHS = "$(inherited) @executable_path/Frameworks @loader_path/Frameworks";
				PRODUCT_BUNDLE_IDENTIFIER = "com.51testing.iOS9-CoreSpotlightTests";
				PRODUCT_NAME = "$(TARGET_NAME)";
				TEST_HOST = "$(BUILT_PRODUCTS_DIR)/iOS9-CoreSpotlight.app/iOS9-CoreSpotlight";
			};
			name = Release;
		};
		5CE83F291BF2D9D5004B2330 /* Debug */ = {
			isa = XCBuildConfiguration;
			buildSettings = {
				INFOPLIST_FILE = "iOS9-CoreSpotlightUITests/Info.plist";
				LD_RUNPATH_SEARCH_PATHS = "$(inherited) @executable_path/Frameworks @loader_path/Frameworks";
				PRODUCT_BUNDLE_IDENTIFIER = "com.51testing.iOS9-CoreSpotlightUITests";
				PRODUCT_NAME = "$(TARGET_NAME)";
				TEST_TARGET_NAME = "iOS9-CoreSpotlight";
				USES_XCTRUNNER = YES;
			};
			name = Debug;
		};
		5CE83F2A1BF2D9D5004B2330 /* Release */ = {
			isa = XCBuildConfiguration;
			buildSettings = {
				INFOPLIST_FILE = "iOS9-CoreSpotlightUITests/Info.plist";
				LD_RUNPATH_SEARCH_PATHS = "$(inherited) @executable_path/Frameworks @loader_path/Frameworks";
				PRODUCT_BUNDLE_IDENTIFIER = "com.51testing.iOS9-CoreSpotlightUITests";
				PRODUCT_NAME = "$(TARGET_NAME)";
				TEST_TARGET_NAME = "iOS9-CoreSpotlight";
				USES_XCTRUNNER = YES;
			};
			name = Release;
		};
/* End XCBuildConfiguration section */

/* Begin XCConfigurationList section */
		5CE83EF51BF2D9D5004B2330 /* Build configuration list for PBXProject "iOS9-CoreSpotlight" */ = {
			isa = XCConfigurationList;
			buildConfigurations = (
				5CE83F201BF2D9D5004B2330 /* Debug */,
				5CE83F211BF2D9D5004B2330 /* Release */,
			);
			defaultConfigurationIsVisible = 0;
			defaultConfigurationName = Release;
		};
		5CE83F221BF2D9D5004B2330 /* Build configuration list for PBXNativeTarget "iOS9-CoreSpotlight" */ = {
			isa = XCConfigurationList;
			buildConfigurations = (
				5CE83F231BF2D9D5004B2330 /* Debug */,
				5CE83F241BF2D9D5004B2330 /* Release */,
			);
			defaultConfigurationIsVisible = 0;
		};
		5CE83F251BF2D9D5004B2330 /* Build configuration list for PBXNativeTarget "iOS9-CoreSpotlightTests" */ = {
			isa = XCConfigurationList;
			buildConfigurations = (
				5CE83F261BF2D9D5004B2330 /* Debug */,
				5CE83F271BF2D9D5004B2330 /* Release */,
			);
			defaultConfigurationIsVisible = 0;
		};
		5CE83F281BF2D9D5004B2330 /* Build configuration list for PBXNativeTarget "iOS9-CoreSpotlightUITests" */ = {
			isa = XCConfigurationList;
			buildConfigurations = (
				5CE83F291BF2D9D5004B2330 /* Debug */,
				5CE83F2A1BF2D9D5004B2330 /* Release */,
			);
			defaultConfigurationIsVisible = 0;
		};
/* End XCConfigurationList section */
	};
	rootObject = 5CE83EF21BF2D9D5004B2330 /* Project object */;
}
